// !$*UTF8*$!
{
	archiveVersion = 1;
	classes = {
	};
	objectVersion = 46;
	objects = {

/* Begin PBXBuildFile section */
		04CCE1471E8414FF00DA2E03 /* main.m in Sources */ = {isa = PBXBuildFile; fileRef = 04CCE1461E8414FF00DA2E03 /* main.m */; };
		04CCE14F1E84153100DA2E03 /* Player.m in Sources */ = {isa = PBXBuildFile; fileRef = 04CCE14E1E84153000DA2E03 /* Player.m */; };
		04CCE1531E84388400DA2E03 /* robot.m in Sources */ = {isa = PBXBuildFile; fileRef = 04CCE1521E84388400DA2E03 /* robot.m */; };
		04CCE1561E843E0400DA2E03 /* judger.m in Sources */ = {isa = PBXBuildFile; fileRef = 04CCE1551E843E0400DA2E03 /* judger.m */; };
/* End PBXBuildFile section */

/* Begin PBXCopyFilesBuildPhase section */
		04CCE1411E8414FF00DA2E03 /* CopyFiles */ = {
			isa = PBXCopyFilesBuildPhase;
			buildActionMask = 2147483647;
			dstPath = /usr/share/man/man1/;
			dstSubfolderSpec = 0;
			files = (
			);
			runOnlyForDeploymentPostprocessing = 1;
		};
/* End PBXCopyFilesBuildPhase section */

/* Begin PBXFileReference section */
		04CCE1431E8414FF00DA2E03 /* 猜拳游戏 */ = {isa = PBXFileReference; explicitFileType = "compiled.mach-o.executable"; includeInIndex = 0; path = "猜拳游戏"; sourceTree = BUILT_PRODUCTS_DIR; };
		04CCE1461E8414FF00DA2E03 /* main.m */ = {isa = PBXFileReference; lastKnownFileType = sourcecode.c.objc; path = main.m; sourceTree = "<group>"; };
		04CCE14D1E84153000DA2E03 /* Player.h */ = {isa = PBXFileReference; fileEncoding = 4; lastKnownFileType = sourcecode.c.h; path = Player.h; sourceTree = "<group>"; };
		04CCE14E1E84153000DA2E03 /* Player.m */ = {isa = PBXFileReference; fileEncoding = 4; lastKnownFileType = sourcecode.c.objc; path = Player.m; sourceTree = "<group>"; };
		04CCE1501E8415E200DA2E03 /* Header.h */ = {isa = PBXFileReference; lastKnownFileType = sourcecode.c.h; path = Header.h; sourceTree = "<group>"; };
		04CCE1511E84388400DA2E03 /* robot.h */ = {isa = PBXFileReference; fileEncoding = 4; lastKnownFileType = sourcecode.c.h; path = robot.h; sourceTree = "<group>"; };
		04CCE1521E84388400DA2E03 /* robot.m */ = {isa = PBXFileReference; fileEncoding = 4; lastKnownFileType = sourcecode.c.objc; path = robot.m; sourceTree = "<group>"; };
		04CCE1541E843E0400DA2E03 /* judger.h */ = {isa = PBXFileReference; fileEncoding = 4; lastKnownFileType = sourcecode.c.h; path = judger.h; sourceTree = "<group>"; };
		04CCE1551E843E0400DA2E03 /* judger.m */ = {isa = PBXFileReference; fileEncoding = 4; lastKnownFileType = sourcecode.c.objc; path = judger.m; sourceTree = "<group>"; };
/* End PBXFileReference section */

/* Begin PBXFrameworksBuildPhase section */
		04CCE1401E8414FF00DA2E03 /* Frameworks */ = {
			isa = PBXFrameworksBuildPhase;
			buildActionMask = 2147483647;
			files = (
			);
			runOnlyForDeploymentPostprocessing = 0;
		};
/* End PBXFrameworksBuildPhase section */

/* Begin PBXGroup section */
		04CCE13A1E8414FF00DA2E03 = {
			isa = PBXGroup;
			children = (
				04CCE1451E8414FF00DA2E03 /* 猜拳游戏 */,
				04CCE1441E8414FF00DA2E03 /* Products */,
			);
			sourceTree = "<group>";
		};
		04CCE1441E8414FF00DA2E03 /* Products */ = {
			isa = PBXGroup;
			children = (
				04CCE1431E8414FF00DA2E03 /* 猜拳游戏 */,
			);
			name = Products;
			sourceTree = "<group>";
		};
		04CCE1451E8414FF00DA2E03 /* 猜拳游戏 */ = {
			isa = PBXGroup;
			children = (
				04CCE1461E8414FF00DA2E03 /* main.m */,
				04CCE14D1E84153000DA2E03 /* Player.h */,
				04CCE14E1E84153000DA2E03 /* Player.m */,
				04CCE1501E8415E200DA2E03 /* Header.h */,
				04CCE1511E84388400DA2E03 /* robot.h */,
				04CCE1521E84388400DA2E03 /* robot.m */,
				04CCE1541E843E0400DA2E03 /* judger.h */,
				04CCE1551E843E0400DA2E03 /* judger.m */,
			);
			path = "猜拳游戏";
			sourceTree = "<group>";
		};
/* End PBXGroup section */

/* Begin PBXNativeTarget section */
		04CCE1421E8414FF00DA2E03 /* 猜拳游戏 */ = {
			isa = PBXNativeTarget;
			buildConfigurationList = 04CCE14A1E8414FF00DA2E03 /* Build configuration list for PBXNativeTarget "猜拳游戏" */;
			buildPhases = (
				04CCE13F1E8414FF00DA2E03 /* Sources */,
				04CCE1401E8414FF00DA2E03 /* Frameworks */,
				04CCE1411E8414FF00DA2E03 /* CopyFiles */,
			);
			buildRules = (
			);
			dependencies = (
			);
			name = "猜拳游戏";
			productName = "猜拳游戏";
			productReference = 04CCE1431E8414FF00DA2E03 /* 猜拳游戏 */;
			productType = "com.apple.product-type.tool";
		};
/* End PBXNativeTarget section */

/* Begin PBXProject section */
		04CCE13B1E8414FF00DA2E03 /* Project object */ = {
			isa = PBXProject;
			attributes = {
				LastUpgradeCheck = 0820;
				ORGANIZATIONNAME = Mac;
				TargetAttributes = {
					04CCE1421E8414FF00DA2E03 = {
						CreatedOnToolsVersion = 8.2.1;
						ProvisioningStyle = Automatic;
					};
				};
			};
			buildConfigurationList = 04CCE13E1E8414FF00DA2E03 /* Build configuration list for PBXProject "猜拳游戏" */;
			compatibilityVersion = "Xcode 3.2";
			developmentRegion = English;
			hasScannedForEncodings = 0;
			knownRegions = (
				en,
			);
			mainGroup = 04CCE13A1E8414FF00DA2E03;
			productRefGroup = 04CCE1441E8414FF00DA2E03 /* Products */;
			projectDirPath = "";
			projectRoot = "";
			targets = (
				04CCE1421E8414FF00DA2E03 /* 猜拳游戏 */,
			);
		};
/* End PBXProject section */

/* Begin PBXSourcesBuildPhase section */
		04CCE13F1E8414FF00DA2E03 /* Sources */ = {
			isa = PBXSourcesBuildPhase;
			buildActionMask = 2147483647;
			files = (
				04CCE1561E843E0400DA2E03 /* judger.m in Sources */,
				04CCE1531E84388400DA2E03 /* robot.m in Sources */,
				04CCE1471E8414FF00DA2E03 /* main.m in Sources */,
				04CCE14F1E84153100DA2E03 /* Player.m in Sources */,
			);
			runOnlyForDeploymentPostprocessing = 0;
		};
/* End PBXSourcesBuildPhase section */

/* Begin XCBuildConfiguration section */
		04CCE1481E8414FF00DA2E03 /* Debug */ = {
			isa = XCBuildConfiguration;
			buildSettings = {
				ALWAYS_SEARCH_USER_PATHS = NO;
				CLANG_ANALYZER_NONNULL = YES;
				CLANG_CXX_LANGUAGE_STANDARD = "gnu++0x";
				CLANG_CXX_LIBRARY = "libc++";
				CLANG_ENABLE_MODULES = YES;
				CLANG_ENABLE_OBJC_ARC = YES;
				CLANG_WARN_BOOL_CONVERSION = YES;
				CLANG_WARN_CONSTANT_CONVERSION = YES;
				CLANG_WARN_DIRECT_OBJC_ISA_USAGE = YES_ERROR;
				CLANG_WARN_DOCUMENTATION_COMMENTS = YES;
				CLANG_WARN_EMPTY_BODY = YES;
				CLANG_WARN_ENUM_CONVERSION = YES;
				CLANG_WARN_INFINITE_RECURSION = YES;
				CLANG_WARN_INT_CONVERSION = YES;
				CLANG_WARN_OBJC_ROOT_CLASS = YES_ERROR;
				CLANG_WARN_SUSPICIOUS_MOVE = YES;
				CLANG_WARN_UNREACHABLE_CODE = YES;
				CLANG_WARN__DUPLICATE_METHOD_MATCH = YES;
				CODE_SIGN_IDENTITY = "-";
				COPY_PHASE_STRIP = NO;
				DEBUG_INFORMATION_FORMAT = dwarf;
				ENABLE_STRICT_OBJC_MSGSEND = YES;
				ENABLE_TESTABILITY = YES;
				GCC_C_LANGUAGE_STANDARD = gnu99;
				GCC_DYNAMIC_NO_PIC = NO;
				GCC_NO_COMMON_BLOCKS = YES;
				GCC_OPTIMIZATION_LEVEL = 0;
				GCC_PREPROCESSOR_DEFINITIONS = (
					"DEBUG=1",
					"$(inherited)",
				);
				GCC_WARN_64_TO_32_BIT_CONVERSION = YES;
				GCC_WARN_ABOUT_RETURN_TYPE = YES_ERROR;
				GCC_WARN_UNDECLARED_SELECTOR = YES;
				GCC_WARN_UNINITIALIZED_AUTOS = YES_AGGRESSIVE;
				GCC_WARN_UNUSED_FUNCTION = YES;
				GCC_WARN_UNUSED_VARIABLE = YES;
				MACOSX_DEPLOYMENT_TARGET = 10.12;
				MTL_ENABLE_DEBUG_INFO = YES;
				ONLY_ACTIVE_ARCH = YES;
				SDKROOT = macosx;
			};
			name = Debug;
		};
		04CCE1491E8414FF00DA2E03 /* Release */ = {
			isa = XCBuildConfiguration;
			buildSettings = {
				ALWAYS_SEARCH_USER_PATHS = NO;
				CLANG_ANALYZER_NONNULL = YES;
				CLANG_CXX_LANGUAGE_STANDARD = "gnu++0x";
				CLANG_CXX_LIBRARY = "libc++";
				CLANG_ENABLE_MODULES = YES;
				CLANG_ENABLE_OBJC_ARC = YES;
				CLANG_WARN_BOOL_CONVERSION = YES;
				CLANG_WARN_CONSTANT_CONVERSION = YES;
				CLANG_WARN_DIRECT_OBJC_ISA_USAGE = YES_ERROR;
				CLANG_WARN_DOCUMENTATION_COMMENTS = YES;
				CLANG_WARN_EMPTY_BODY = YES;
				CLANG_WARN_ENUM_CONVERSION = YES;
				CLANG_WARN_INFINITE_RECURSION = YES;
				CLANG_WARN_INT_CONVERSION = YES;
				CLANG_WARN_OBJC_ROOT_CLASS = YES_ERROR;
				CLANG_WARN_SUSPICIOUS_MOVE = YES;
				CLANG_WARN_UNREACHABLE_CODE = YES;
				CLANG_WARN__DUPLICATE_METHOD_MATCH = YES;
				CODE_SIGN_IDENTITY = "-";
				COPY_PHASE_STRIP = NO;
				DEBUG_INFORMATION_FORMAT = "dwarf-with-dsym";
				ENABLE_NS_ASSERTIONS = NO;
				ENABLE_STRICT_OBJC_MSGSEND = YES;
				GCC_C_LANGUAGE_STANDARD = gnu99;
				GCC_NO_COMMON_BLOCKS = YES;
				GCC_WARN_64_TO_32_BIT_CONVERSION = YES;
				GCC_WARN_ABOUT_RETURN_TYPE = YES_ERROR;
				GCC_WARN_UNDECLARED_SELECTOR = YES;
				GCC_WARN_UNINITIALIZED_AUTOS = YES_AGGRESSIVE;
				GCC_WARN_UNUSED_FUNCTION = YES;
				GCC_WARN_UNUSED_VARIABLE = YES;
				MACOSX_DEPLOYMENT_TARGET = 10.12;
				MTL_ENABLE_DEBUG_INFO = NO;
				SDKROOT = macosx;
			};
			name = Release;
		};
		04CCE14B1E8414FF00DA2E03 /* Debug */ = {
			isa = XCBuildConfiguration;
			buildSettings = {
				PRODUCT_NAME = "$(TARGET_NAME)";
			};
			name = Debug;
		};
		04CCE14C1E8414FF00DA2E03 /* Release */ = {
			isa = XCBuildConfiguration;
			buildSettings = {
				PRODUCT_NAME = "$(TARGET_NAME)";
			};
			name = Release;
		};
/* End XCBuildConfiguration section */

/* Begin XCConfigurationList section */
		04CCE13E1E8414FF00DA2E03 /* Build configuration list for PBXProject "猜拳游戏" */ = {
			isa = XCConfigurationList;
			buildConfigurations = (
				04CCE1481E8414FF00DA2E03 /* Debug */,
				04CCE1491E8414FF00DA2E03 /* Release */,
			);
			defaultConfigurationIsVisible = 0;
			defaultConfigurationName = Release;
		};
		04CCE14A1E8414FF00DA2E03 /* Build configuration list for PBXNativeTarget "猜拳游戏" */ = {
			isa = XCConfigurationList;
			buildConfigurations = (
				04CCE14B1E8414FF00DA2E03 /* Debug */,
				04CCE14C1E8414FF00DA2E03 /* Release */,
			);
			defaultConfigurationIsVisible = 0;
		};
/* End XCConfigurationList section */
	};
	rootObject = 04CCE13B1E8414FF00DA2E03 /* Project object */;
}
