// !$*UTF8*$!
{
	archiveVersion = 1;
	classes = {
	};
	objectVersion = 46;
	objects = {

/* Begin PBXBuildFile section */
		047A79CD1EF181E300A47BB0 /* main.m in Sources */ = {isa = PBXBuildFile; fileRef = 047A79CC1EF181E300A47BB0 /* main.m */; };
		047A79D51EF181FF00A47BB0 /* Company.m in Sources */ = {isa = PBXBuildFile; fileRef = 047A79D41EF181FF00A47BB0 /* Company.m */; };
		047A79D81EF182AE00A47BB0 /* Person.m in Sources */ = {isa = PBXBuildFile; fileRef = 047A79D71EF182AE00A47BB0 /* Person.m */; };
/* End PBXBuildFile section */

/* Begin PBXCopyFilesBuildPhase section */
		047A79C71EF181E300A47BB0 /* CopyFiles */ = {
			isa = PBXCopyFilesBuildPhase;
			buildActionMask = 2147483647;
			dstPath = /usr/share/man/man1/;
			dstSubfolderSpec = 0;
			files = (
			);
			runOnlyForDeploymentPostprocessing = 1;
		};
/* End PBXCopyFilesBuildPhase section */

/* Begin PBXFileReference section */
		047A79C91EF181E300A47BB0 /* 通知测试 */ = {isa = PBXFileReference; explicitFileType = "compiled.mach-o.executable"; includeInIndex = 0; path = "通知测试"; sourceTree = BUILT_PRODUCTS_DIR; };
		047A79CC1EF181E300A47BB0 /* main.m */ = {isa = PBXFileReference; lastKnownFileType = sourcecode.c.objc; path = main.m; sourceTree = "<group>"; };
		047A79D31EF181FF00A47BB0 /* Company.h */ = {isa = PBXFileReference; fileEncoding = 4; lastKnownFileType = sourcecode.c.h; path = Company.h; sourceTree = "<group>"; };
		047A79D41EF181FF00A47BB0 /* Company.m */ = {isa = PBXFileReference; fileEncoding = 4; lastKnownFileType = sourcecode.c.objc; path = Company.m; sourceTree = "<group>"; };
		047A79D61EF182AE00A47BB0 /* Person.h */ = {isa = PBXFileReference; fileEncoding = 4; lastKnownFileType = sourcecode.c.h; path = Person.h; sourceTree = "<group>"; };
		047A79D71EF182AE00A47BB0 /* Person.m */ = {isa = PBXFileReference; fileEncoding = 4; lastKnownFileType = sourcecode.c.objc; path = Person.m; sourceTree = "<group>"; };
/* End PBXFileReference section */

/* Begin PBXFrameworksBuildPhase section */
		047A79C61EF181E300A47BB0 /* Frameworks */ = {
			isa = PBXFrameworksBuildPhase;
			buildActionMask = 2147483647;
			files = (
			);
			runOnlyForDeploymentPostprocessing = 0;
		};
/* End PBXFrameworksBuildPhase section */

/* Begin PBXGroup section */
		047A79C01EF181E300A47BB0 = {
			isa = PBXGroup;
			children = (
				047A79CB1EF181E300A47BB0 /* 通知测试 */,
				047A79CA1EF181E300A47BB0 /* Products */,
			);
			sourceTree = "<group>";
		};
		047A79CA1EF181E300A47BB0 /* Products */ = {
			isa = PBXGroup;
			children = (
				047A79C91EF181E300A47BB0 /* 通知测试 */,
			);
			name = Products;
			sourceTree = "<group>";
		};
		047A79CB1EF181E300A47BB0 /* 通知测试 */ = {
			isa = PBXGroup;
			children = (
				047A79CC1EF181E300A47BB0 /* main.m */,
				047A79D31EF181FF00A47BB0 /* Company.h */,
				047A79D41EF181FF00A47BB0 /* Company.m */,
				047A79D61EF182AE00A47BB0 /* Person.h */,
				047A79D71EF182AE00A47BB0 /* Person.m */,
			);
			path = "通知测试";
			sourceTree = "<group>";
		};
/* End PBXGroup section */

/* Begin PBXNativeTarget section */
		047A79C81EF181E300A47BB0 /* 通知测试 */ = {
			isa = PBXNativeTarget;
			buildConfigurationList = 047A79D01EF181E300A47BB0 /* Build configuration list for PBXNativeTarget "通知测试" */;
			buildPhases = (
				047A79C51EF181E300A47BB0 /* Sources */,
				047A79C61EF181E300A47BB0 /* Frameworks */,
				047A79C71EF181E300A47BB0 /* CopyFiles */,
			);
			buildRules = (
			);
			dependencies = (
			);
			name = "通知测试";
			productName = "通知测试";
			productReference = 047A79C91EF181E300A47BB0 /* 通知测试 */;
			productType = "com.apple.product-type.tool";
		};
/* End PBXNativeTarget section */

/* Begin PBXProject section */
		047A79C11EF181E300A47BB0 /* Project object */ = {
			isa = PBXProject;
			attributes = {
				LastUpgradeCheck = 0830;
				ORGANIZATIONNAME = Mac;
				TargetAttributes = {
					047A79C81EF181E300A47BB0 = {
						CreatedOnToolsVersion = 8.3.2;
						DevelopmentTeam = M279MKV5DC;
						ProvisioningStyle = Automatic;
					};
				};
			};
			buildConfigurationList = 047A79C41EF181E300A47BB0 /* Build configuration list for PBXProject "通知测试" */;
			compatibilityVersion = "Xcode 3.2";
			developmentRegion = English;
			hasScannedForEncodings = 0;
			knownRegions = (
				en,
			);
			mainGroup = 047A79C01EF181E300A47BB0;
			productRefGroup = 047A79CA1EF181E300A47BB0 /* Products */;
			projectDirPath = "";
			projectRoot = "";
			targets = (
				047A79C81EF181E300A47BB0 /* 通知测试 */,
			);
		};
/* End PBXProject section */

/* Begin PBXSourcesBuildPhase section */
		047A79C51EF181E300A47BB0 /* Sources */ = {
			isa = PBXSourcesBuildPhase;
			buildActionMask = 2147483647;
			files = (
				047A79D81EF182AE00A47BB0 /* Person.m in Sources */,
				047A79CD1EF181E300A47BB0 /* main.m in Sources */,
				047A79D51EF181FF00A47BB0 /* Company.m in Sources */,
			);
			runOnlyForDeploymentPostprocessing = 0;
		};
/* End PBXSourcesBuildPhase section */

/* Begin XCBuildConfiguration section */
		047A79CE1EF181E300A47BB0 /* Debug */ = {
			isa = XCBuildConfiguration;
			buildSettings = {
				ALWAYS_SEARCH_USER_PATHS = NO;
				CLANG_ANALYZER_NONNULL = YES;
				CLANG_ANALYZER_NUMBER_OBJECT_CONVERSION = YES_AGGRESSIVE;
				CLANG_CXX_LANGUAGE_STANDARD = "gnu++0x";
				CLANG_CXX_LIBRARY = "libc++";
				CLANG_ENABLE_MODULES = YES;
				CLANG_ENABLE_OBJC_ARC = YES;
				CLANG_WARN_BOOL_CONVERSION = YES;
				CLANG_WARN_CONSTANT_CONVERSION = YES;
				CLANG_WARN_DIRECT_OBJC_ISA_USAGE = YES_ERROR;
				CLANG_WARN_DOCUMENTATION_COMMENTS = YES;
				CLANG_WARN_EMPTY_BODY = YES;
				CLANG_WARN_ENUM_CONVERSION = YES;
				CLANG_WARN_INFINITE_RECURSION = YES;
				CLANG_WARN_INT_CONVERSION = YES;
				CLANG_WARN_OBJC_ROOT_CLASS = YES_ERROR;
				CLANG_WARN_SUSPICIOUS_MOVE = YES;
				CLANG_WARN_UNREACHABLE_CODE = YES;
				CLANG_WARN__DUPLICATE_METHOD_MATCH = YES;
				CODE_SIGN_IDENTITY = "-";
				COPY_PHASE_STRIP = NO;
				DEBUG_INFORMATION_FORMAT = dwarf;
				ENABLE_STRICT_OBJC_MSGSEND = YES;
				ENABLE_TESTABILITY = YES;
				GCC_C_LANGUAGE_STANDARD = gnu99;
				GCC_DYNAMIC_NO_PIC = NO;
				GCC_NO_COMMON_BLOCKS = YES;
				GCC_OPTIMIZATION_LEVEL = 0;
				GCC_PREPROCESSOR_DEFINITIONS = (
					"DEBUG=1",
					"$(inherited)",
				);
				GCC_WARN_64_TO_32_BIT_CONVERSION = YES;
				GCC_WARN_ABOUT_RETURN_TYPE = YES_ERROR;
				GCC_WARN_UNDECLARED_SELECTOR = YES;
				GCC_WARN_UNINITIALIZED_AUTOS = YES_AGGRESSIVE;
				GCC_WARN_UNUSED_FUNCTION = YES;
				GCC_WARN_UNUSED_VARIABLE = YES;
				MACOSX_DEPLOYMENT_TARGET = 10.12;
				MTL_ENABLE_DEBUG_INFO = YES;
				ONLY_ACTIVE_ARCH = YES;
				SDKROOT = macosx;
			};
			name = Debug;
		};
		047A79CF1EF181E300A47BB0 /* Release */ = {
			isa = XCBuildConfiguration;
			buildSettings = {
				ALWAYS_SEARCH_USER_PATHS = NO;
				CLANG_ANALYZER_NONNULL = YES;
				CLANG_ANALYZER_NUMBER_OBJECT_CONVERSION = YES_AGGRESSIVE;
				CLANG_CXX_LANGUAGE_STANDARD = "gnu++0x";
				CLANG_CXX_LIBRARY = "libc++";
				CLANG_ENABLE_MODULES = YES;
				CLANG_ENABLE_OBJC_ARC = YES;
				CLANG_WARN_BOOL_CONVERSION = YES;
				CLANG_WARN_CONSTANT_CONVERSION = YES;
				CLANG_WARN_DIRECT_OBJC_ISA_USAGE = YES_ERROR;
				CLANG_WARN_DOCUMENTATION_COMMENTS = YES;
				CLANG_WARN_EMPTY_BODY = YES;
				CLANG_WARN_ENUM_CONVERSION = YES;
				CLANG_WARN_INFINITE_RECURSION = YES;
				CLANG_WARN_INT_CONVERSION = YES;
				CLANG_WARN_OBJC_ROOT_CLASS = YES_ERROR;
				CLANG_WARN_SUSPICIOUS_MOVE = YES;
				CLANG_WARN_UNREACHABLE_CODE = YES;
				CLANG_WARN__DUPLICATE_METHOD_MATCH = YES;
				CODE_SIGN_IDENTITY = "-";
				COPY_PHASE_STRIP = NO;
				DEBUG_INFORMATION_FORMAT = "dwarf-with-dsym";
				ENABLE_NS_ASSERTIONS = NO;
				ENABLE_STRICT_OBJC_MSGSEND = YES;
				GCC_C_LANGUAGE_STANDARD = gnu99;
				GCC_NO_COMMON_BLOCKS = YES;
				GCC_WARN_64_TO_32_BIT_CONVERSION = YES;
				GCC_WARN_ABOUT_RETURN_TYPE = YES_ERROR;
				GCC_WARN_UNDECLARED_SELECTOR = YES;
				GCC_WARN_UNINITIALIZED_AUTOS = YES_AGGRESSIVE;
				GCC_WARN_UNUSED_FUNCTION = YES;
				GCC_WARN_UNUSED_VARIABLE = YES;
				MACOSX_DEPLOYMENT_TARGET = 10.12;
				MTL_ENABLE_DEBUG_INFO = NO;
				SDKROOT = macosx;
			};
			name = Release;
		};
		047A79D11EF181E300A47BB0 /* Debug */ = {
			isa = XCBuildConfiguration;
			buildSettings = {
				DEVELOPMENT_TEAM = M279MKV5DC;
				PRODUCT_NAME = "$(TARGET_NAME)";
			};
			name = Debug;
		};
		047A79D21EF181E300A47BB0 /* Release */ = {
			isa = XCBuildConfiguration;
			buildSettings = {
				DEVELOPMENT_TEAM = M279MKV5DC;
				PRODUCT_NAME = "$(TARGET_NAME)";
			};
			name = Release;
		};
/* End XCBuildConfiguration section */

/* Begin XCConfigurationList section */
		047A79C41EF181E300A47BB0 /* Build configuration list for PBXProject "通知测试" */ = {
			isa = XCConfigurationList;
			buildConfigurations = (
				047A79CE1EF181E300A47BB0 /* Debug */,
				047A79CF1EF181E300A47BB0 /* Release */,
			);
			defaultConfigurationIsVisible = 0;
			defaultConfigurationName = Release;
		};
		047A79D01EF181E300A47BB0 /* Build configuration list for PBXNativeTarget "通知测试" */ = {
			isa = XCConfigurationList;
			buildConfigurations = (
				047A79D11EF181E300A47BB0 /* Debug */,
				047A79D21EF181E300A47BB0 /* Release */,
			);
			defaultConfigurationIsVisible = 0;
		};
/* End XCConfigurationList section */
	};
	rootObject = 047A79C11EF181E300A47BB0 /* Project object */;
}
