// !$*UTF8*$!
{
	archiveVersion = 1;
	classes = {
	};
	objectVersion = 46;
	objects = {

/* Begin PBXBuildFile section */
		04A71D761EB08DA70001B93F /* main.m in Sources */ = {isa = PBXBuildFile; fileRef = 04A71D751EB08DA70001B93F /* main.m */; };
		04A71D791EB08DA70001B93F /* AppDelegate.m in Sources */ = {isa = PBXBuildFile; fileRef = 04A71D781EB08DA70001B93F /* AppDelegate.m */; };
		04A71D7C1EB08DA70001B93F /* ViewController.m in Sources */ = {isa = PBXBuildFile; fileRef = 04A71D7B1EB08DA70001B93F /* ViewController.m */; };
		04A71D7F1EB08DA70001B93F /* Main.storyboard in Resources */ = {isa = PBXBuildFile; fileRef = 04A71D7D1EB08DA70001B93F /* Main.storyboard */; };
		04A71D811EB08DA70001B93F /* Assets.xcassets in Resources */ = {isa = PBXBuildFile; fileRef = 04A71D801EB08DA70001B93F /* Assets.xcassets */; };
		04A71D841EB08DA70001B93F /* LaunchScreen.storyboard in Resources */ = {isa = PBXBuildFile; fileRef = 04A71D821EB08DA70001B93F /* LaunchScreen.storyboard */; };
/* End PBXBuildFile section */

/* Begin PBXFileReference section */
		04A71D711EB08DA70001B93F /* test6.app */ = {isa = PBXFileReference; explicitFileType = wrapper.application; includeInIndex = 0; path = test6.app; sourceTree = BUILT_PRODUCTS_DIR; };
		04A71D751EB08DA70001B93F /* main.m */ = {isa = PBXFileReference; lastKnownFileType = sourcecode.c.objc; path = main.m; sourceTree = "<group>"; };
		04A71D771EB08DA70001B93F /* AppDelegate.h */ = {isa = PBXFileReference; lastKnownFileType = sourcecode.c.h; path = AppDelegate.h; sourceTree = "<group>"; };
		04A71D781EB08DA70001B93F /* AppDelegate.m */ = {isa = PBXFileReference; lastKnownFileType = sourcecode.c.objc; path = AppDelegate.m; sourceTree = "<group>"; };
		04A71D7A1EB08DA70001B93F /* ViewController.h */ = {isa = PBXFileReference; lastKnownFileType = sourcecode.c.h; path = ViewController.h; sourceTree = "<group>"; };
		04A71D7B1EB08DA70001B93F /* ViewController.m */ = {isa = PBXFileReference; lastKnownFileType = sourcecode.c.objc; path = ViewController.m; sourceTree = "<group>"; };
		04A71D7E1EB08DA70001B93F /* Base */ = {isa = PBXFileReference; lastKnownFileType = file.storyboard; name = Base; path = Base.lproj/Main.storyboard; sourceTree = "<group>"; };
		04A71D801EB08DA70001B93F /* Assets.xcassets */ = {isa = PBXFileReference; lastKnownFileType = folder.assetcatalog; path = Assets.xcassets; sourceTree = "<group>"; };
		04A71D831EB08DA70001B93F /* Base */ = {isa = PBXFileReference; lastKnownFileType = file.storyboard; name = Base; path = Base.lproj/LaunchScreen.storyboard; sourceTree = "<group>"; };
		04A71D851EB08DA70001B93F /* Info.plist */ = {isa = PBXFileReference; lastKnownFileType = text.plist.xml; path = Info.plist; sourceTree = "<group>"; };
/* End PBXFileReference section */

/* Begin PBXFrameworksBuildPhase section */
		04A71D6E1EB08DA70001B93F /* Frameworks */ = {
			isa = PBXFrameworksBuildPhase;
			buildActionMask = 2147483647;
			files = (
			);
			runOnlyForDeploymentPostprocessing = 0;
		};
/* End PBXFrameworksBuildPhase section */

/* Begin PBXGroup section */
		04A71D681EB08DA70001B93F = {
			isa = PBXGroup;
			children = (
				04A71D731EB08DA70001B93F /* test6 */,
				04A71D721EB08DA70001B93F /* Products */,
			);
			sourceTree = "<group>";
		};
		04A71D721EB08DA70001B93F /* Products */ = {
			isa = PBXGroup;
			children = (
				04A71D711EB08DA70001B93F /* test6.app */,
			);
			name = Products;
			sourceTree = "<group>";
		};
		04A71D731EB08DA70001B93F /* test6 */ = {
			isa = PBXGroup;
			children = (
				04A71D771EB08DA70001B93F /* AppDelegate.h */,
				04A71D781EB08DA70001B93F /* AppDelegate.m */,
				04A71D7A1EB08DA70001B93F /* ViewController.h */,
				04A71D7B1EB08DA70001B93F /* ViewController.m */,
				04A71D7D1EB08DA70001B93F /* Main.storyboard */,
				04A71D801EB08DA70001B93F /* Assets.xcassets */,
				04A71D821EB08DA70001B93F /* LaunchScreen.storyboard */,
				04A71D851EB08DA70001B93F /* Info.plist */,
				04A71D741EB08DA70001B93F /* Supporting Files */,
			);
			path = test6;
			sourceTree = "<group>";
		};
		04A71D741EB08DA70001B93F /* Supporting Files */ = {
			isa = PBXGroup;
			children = (
				04A71D751EB08DA70001B93F /* main.m */,
			);
			name = "Supporting Files";
			sourceTree = "<group>";
		};
/* End PBXGroup section */

/* Begin PBXNativeTarget section */
		04A71D701EB08DA70001B93F /* test6 */ = {
			isa = PBXNativeTarget;
			buildConfigurationList = 04A71D881EB08DA70001B93F /* Build configuration list for PBXNativeTarget "test6" */;
			buildPhases = (
				04A71D6D1EB08DA70001B93F /* Sources */,
				04A71D6E1EB08DA70001B93F /* Frameworks */,
				04A71D6F1EB08DA70001B93F /* Resources */,
			);
			buildRules = (
			);
			dependencies = (
			);
			name = test6;
			productName = test6;
			productReference = 04A71D711EB08DA70001B93F /* test6.app */;
			productType = "com.apple.product-type.application";
		};
/* End PBXNativeTarget section */

/* Begin PBXProject section */
		04A71D691EB08DA70001B93F /* Project object */ = {
			isa = PBXProject;
			attributes = {
				LastUpgradeCheck = 0830;
				ORGANIZATIONNAME = Mac;
				TargetAttributes = {
					04A71D701EB08DA70001B93F = {
						CreatedOnToolsVersion = 8.3.2;
						DevelopmentTeam = M279MKV5DC;
						ProvisioningStyle = Automatic;
					};
				};
			};
			buildConfigurationList = 04A71D6C1EB08DA70001B93F /* Build configuration list for PBXProject "test6" */;
			compatibilityVersion = "Xcode 3.2";
			developmentRegion = English;
			hasScannedForEncodings = 0;
			knownRegions = (
				en,
				Base,
			);
			mainGroup = 04A71D681EB08DA70001B93F;
			productRefGroup = 04A71D721EB08DA70001B93F /* Products */;
			projectDirPath = "";
			projectRoot = "";
			targets = (
				04A71D701EB08DA70001B93F /* test6 */,
			);
		};
/* End PBXProject section */

/* Begin PBXResourcesBuildPhase section */
		04A71D6F1EB08DA70001B93F /* Resources */ = {
			isa = PBXResourcesBuildPhase;
			buildActionMask = 2147483647;
			files = (
				04A71D841EB08DA70001B93F /* LaunchScreen.storyboard in Resources */,
				04A71D811EB08DA70001B93F /* Assets.xcassets in Resources */,
				04A71D7F1EB08DA70001B93F /* Main.storyboard in Resources */,
			);
			runOnlyForDeploymentPostprocessing = 0;
		};
/* End PBXResourcesBuildPhase section */

/* Begin PBXSourcesBuildPhase section */
		04A71D6D1EB08DA70001B93F /* Sources */ = {
			isa = PBXSourcesBuildPhase;
			buildActionMask = 2147483647;
			files = (
				04A71D7C1EB08DA70001B93F /* ViewController.m in Sources */,
				04A71D791EB08DA70001B93F /* AppDelegate.m in Sources */,
				04A71D761EB08DA70001B93F /* main.m in Sources */,
			);
			runOnlyForDeploymentPostprocessing = 0;
		};
/* End PBXSourcesBuildPhase section */

/* Begin PBXVariantGroup section */
		04A71D7D1EB08DA70001B93F /* Main.storyboard */ = {
			isa = PBXVariantGroup;
			children = (
				04A71D7E1EB08DA70001B93F /* Base */,
			);
			name = Main.storyboard;
			sourceTree = "<group>";
		};
		04A71D821EB08DA70001B93F /* LaunchScreen.storyboard */ = {
			isa = PBXVariantGroup;
			children = (
				04A71D831EB08DA70001B93F /* Base */,
			);
			name = LaunchScreen.storyboard;
			sourceTree = "<group>";
		};
/* End PBXVariantGroup section */

/* Begin XCBuildConfiguration section */
		04A71D861EB08DA70001B93F /* Debug */ = {
			isa = XCBuildConfiguration;
			buildSettings = {
				ALWAYS_SEARCH_USER_PATHS = NO;
				CLANG_ANALYZER_NONNULL = YES;
				CLANG_ANALYZER_NUMBER_OBJECT_CONVERSION = YES_AGGRESSIVE;
				CLANG_CXX_LANGUAGE_STANDARD = "gnu++0x";
				CLANG_CXX_LIBRARY = "libc++";
				CLANG_ENABLE_MODULES = YES;
				CLANG_ENABLE_OBJC_ARC = YES;
				CLANG_WARN_BOOL_CONVERSION = YES;
				CLANG_WARN_CONSTANT_CONVERSION = YES;
				CLANG_WARN_DIRECT_OBJC_ISA_USAGE = YES_ERROR;
				CLANG_WARN_DOCUMENTATION_COMMENTS = YES;
				CLANG_WARN_EMPTY_BODY = YES;
				CLANG_WARN_ENUM_CONVERSION = YES;
				CLANG_WARN_INFINITE_RECURSION = YES;
				CLANG_WARN_INT_CONVERSION = YES;
				CLANG_WARN_OBJC_ROOT_CLASS = YES_ERROR;
				CLANG_WARN_SUSPICIOUS_MOVE = YES;
				CLANG_WARN_UNREACHABLE_CODE = YES;
				CLANG_WARN__DUPLICATE_METHOD_MATCH = YES;
				"CODE_SIGN_IDENTITY[sdk=iphoneos*]" = "iPhone Developer";
				COPY_PHASE_STRIP = NO;
				DEBUG_INFORMATION_FORMAT = dwarf;
				ENABLE_STRICT_OBJC_MSGSEND = YES;
				ENABLE_TESTABILITY = YES;
				GCC_C_LANGUAGE_STANDARD = gnu99;
				GCC_DYNAMIC_NO_PIC = NO;
				GCC_NO_COMMON_BLOCKS = YES;
				GCC_OPTIMIZATION_LEVEL = 0;
				GCC_PREPROCESSOR_DEFINITIONS = (
					"DEBUG=1",
					"$(inherited)",
				);
				GCC_WARN_64_TO_32_BIT_CONVERSION = YES;
				GCC_WARN_ABOUT_RETURN_TYPE = YES_ERROR;
				GCC_WARN_UNDECLARED_SELECTOR = YES;
				GCC_WARN_UNINITIALIZED_AUTOS = YES_AGGRESSIVE;
				GCC_WARN_UNUSED_FUNCTION = YES;
				GCC_WARN_UNUSED_VARIABLE = YES;
				IPHONEOS_DEPLOYMENT_TARGET = 10.3;
				MTL_ENABLE_DEBUG_INFO = YES;
				ONLY_ACTIVE_ARCH = YES;
				SDKROOT = iphoneos;
				TARGETED_DEVICE_FAMILY = "1,2";
			};
			name = Debug;
		};
		04A71D871EB08DA70001B93F /* Release */ = {
			isa = XCBuildConfiguration;
			buildSettings = {
				ALWAYS_SEARCH_USER_PATHS = NO;
				CLANG_ANALYZER_NONNULL = YES;
				CLANG_ANALYZER_NUMBER_OBJECT_CONVERSION = YES_AGGRESSIVE;
				CLANG_CXX_LANGUAGE_STANDARD = "gnu++0x";
				CLANG_CXX_LIBRARY = "libc++";
				CLANG_ENABLE_MODULES = YES;
				CLANG_ENABLE_OBJC_ARC = YES;
				CLANG_WARN_BOOL_CONVERSION = YES;
				CLANG_WARN_CONSTANT_CONVERSION = YES;
				CLANG_WARN_DIRECT_OBJC_ISA_USAGE = YES_ERROR;
				CLANG_WARN_DOCUMENTATION_COMMENTS = YES;
				CLANG_WARN_EMPTY_BODY = YES;
				CLANG_WARN_ENUM_CONVERSION = YES;
				CLANG_WARN_INFINITE_RECURSION = YES;
				CLANG_WARN_INT_CONVERSION = YES;
				CLANG_WARN_OBJC_ROOT_CLASS = YES_ERROR;
				CLANG_WARN_SUSPICIOUS_MOVE = YES;
				CLANG_WARN_UNREACHABLE_CODE = YES;
				CLANG_WARN__DUPLICATE_METHOD_MATCH = YES;
				"CODE_SIGN_IDENTITY[sdk=iphoneos*]" = "iPhone Developer";
				COPY_PHASE_STRIP = NO;
				DEBUG_INFORMATION_FORMAT = "dwarf-with-dsym";
				ENABLE_NS_ASSERTIONS = NO;
				ENABLE_STRICT_OBJC_MSGSEND = YES;
				GCC_C_LANGUAGE_STANDARD = gnu99;
				GCC_NO_COMMON_BLOCKS = YES;
				GCC_WARN_64_TO_32_BIT_CONVERSION = YES;
				GCC_WARN_ABOUT_RETURN_TYPE = YES_ERROR;
				GCC_WARN_UNDECLARED_SELECTOR = YES;
				GCC_WARN_UNINITIALIZED_AUTOS = YES_AGGRESSIVE;
				GCC_WARN_UNUSED_FUNCTION = YES;
				GCC_WARN_UNUSED_VARIABLE = YES;
				IPHONEOS_DEPLOYMENT_TARGET = 10.3;
				MTL_ENABLE_DEBUG_INFO = NO;
				SDKROOT = iphoneos;
				TARGETED_DEVICE_FAMILY = "1,2";
				VALIDATE_PRODUCT = YES;
			};
			name = Release;
		};
		04A71D891EB08DA70001B93F /* Debug */ = {
			isa = XCBuildConfiguration;
			buildSettings = {
				ASSETCATALOG_COMPILER_APPICON_NAME = AppIcon;
				DEVELOPMENT_TEAM = M279MKV5DC;
				INFOPLIST_FILE = test6/Info.plist;
				LD_RUNPATH_SEARCH_PATHS = "$(inherited) @executable_path/Frameworks";
				PRODUCT_BUNDLE_IDENTIFIER = "Owen-Kansa.test6";
				PRODUCT_NAME = "$(TARGET_NAME)";
			};
			name = Debug;
		};
		04A71D8A1EB08DA70001B93F /* Release */ = {
			isa = XCBuildConfiguration;
			buildSettings = {
				ASSETCATALOG_COMPILER_APPICON_NAME = AppIcon;
				DEVELOPMENT_TEAM = M279MKV5DC;
				INFOPLIST_FILE = test6/Info.plist;
				LD_RUNPATH_SEARCH_PATHS = "$(inherited) @executable_path/Frameworks";
				PRODUCT_BUNDLE_IDENTIFIER = "Owen-Kansa.test6";
				PRODUCT_NAME = "$(TARGET_NAME)";
			};
			name = Release;
		};
/* End XCBuildConfiguration section */

/* Begin XCConfigurationList section */
		04A71D6C1EB08DA70001B93F /* Build configuration list for PBXProject "test6" */ = {
			isa = XCConfigurationList;
			buildConfigurations = (
				04A71D861EB08DA70001B93F /* Debug */,
				04A71D871EB08DA70001B93F /* Release */,
			);
			defaultConfigurationIsVisible = 0;
			defaultConfigurationName = Release;
		};
		04A71D881EB08DA70001B93F /* Build configuration list for PBXNativeTarget "test6" */ = {
			isa = XCConfigurationList;
			buildConfigurations = (
				04A71D891EB08DA70001B93F /* Debug */,
				04A71D8A1EB08DA70001B93F /* Release */,
			);
			defaultConfigurationIsVisible = 0;
		};
/* End XCConfigurationList section */
	};
	rootObject = 04A71D691EB08DA70001B93F /* Project object */;
}
