// !$*UTF8*$!
{
	archiveVersion = 1;
	classes = {
	};
	objectVersion = 46;
	objects = {

/* Begin PBXBuildFile section */
		043C42431EA86B9D00F1793F /* main.m in Sources */ = {isa = PBXBuildFile; fileRef = 043C42421EA86B9D00F1793F /* main.m */; };
		043C42461EA86B9D00F1793F /* AppDelegate.m in Sources */ = {isa = PBXBuildFile; fileRef = 043C42451EA86B9D00F1793F /* AppDelegate.m */; };
		043C42491EA86B9D00F1793F /* ViewController.m in Sources */ = {isa = PBXBuildFile; fileRef = 043C42481EA86B9D00F1793F /* ViewController.m */; };
		043C424C1EA86B9D00F1793F /* Main.storyboard in Resources */ = {isa = PBXBuildFile; fileRef = 043C424A1EA86B9D00F1793F /* Main.storyboard */; };
		043C424E1EA86B9D00F1793F /* Assets.xcassets in Resources */ = {isa = PBXBuildFile; fileRef = 043C424D1EA86B9D00F1793F /* Assets.xcassets */; };
		043C42511EA86B9D00F1793F /* LaunchScreen.storyboard in Resources */ = {isa = PBXBuildFile; fileRef = 043C424F1EA86B9D00F1793F /* LaunchScreen.storyboard */; };
		043C42591EA8710200F1793F /*  2.jpg in Resources */ = {isa = PBXBuildFile; fileRef = 043C42581EA8710200F1793F /*  2.jpg */; };
/* End PBXBuildFile section */

/* Begin PBXFileReference section */
		043C423E1EA86B9D00F1793F /* test4.app */ = {isa = PBXFileReference; explicitFileType = wrapper.application; includeInIndex = 0; path = test4.app; sourceTree = BUILT_PRODUCTS_DIR; };
		043C42421EA86B9D00F1793F /* main.m */ = {isa = PBXFileReference; lastKnownFileType = sourcecode.c.objc; path = main.m; sourceTree = "<group>"; };
		043C42441EA86B9D00F1793F /* AppDelegate.h */ = {isa = PBXFileReference; lastKnownFileType = sourcecode.c.h; path = AppDelegate.h; sourceTree = "<group>"; };
		043C42451EA86B9D00F1793F /* AppDelegate.m */ = {isa = PBXFileReference; lastKnownFileType = sourcecode.c.objc; path = AppDelegate.m; sourceTree = "<group>"; };
		043C42471EA86B9D00F1793F /* ViewController.h */ = {isa = PBXFileReference; lastKnownFileType = sourcecode.c.h; path = ViewController.h; sourceTree = "<group>"; };
		043C42481EA86B9D00F1793F /* ViewController.m */ = {isa = PBXFileReference; lastKnownFileType = sourcecode.c.objc; path = ViewController.m; sourceTree = "<group>"; };
		043C424B1EA86B9D00F1793F /* Base */ = {isa = PBXFileReference; lastKnownFileType = file.storyboard; name = Base; path = Base.lproj/Main.storyboard; sourceTree = "<group>"; };
		043C424D1EA86B9D00F1793F /* Assets.xcassets */ = {isa = PBXFileReference; lastKnownFileType = folder.assetcatalog; path = Assets.xcassets; sourceTree = "<group>"; };
		043C42501EA86B9D00F1793F /* Base */ = {isa = PBXFileReference; lastKnownFileType = file.storyboard; name = Base; path = Base.lproj/LaunchScreen.storyboard; sourceTree = "<group>"; };
		043C42521EA86B9D00F1793F /* Info.plist */ = {isa = PBXFileReference; lastKnownFileType = text.plist.xml; path = Info.plist; sourceTree = "<group>"; };
		043C42581EA8710200F1793F /*  2.jpg */ = {isa = PBXFileReference; lastKnownFileType = image.jpeg; name = " 2.jpg"; path = "../../ 2.jpg"; sourceTree = "<group>"; };
/* End PBXFileReference section */

/* Begin PBXFrameworksBuildPhase section */
		043C423B1EA86B9D00F1793F /* Frameworks */ = {
			isa = PBXFrameworksBuildPhase;
			buildActionMask = 2147483647;
			files = (
			);
			runOnlyForDeploymentPostprocessing = 0;
		};
/* End PBXFrameworksBuildPhase section */

/* Begin PBXGroup section */
		043C42351EA86B9D00F1793F = {
			isa = PBXGroup;
			children = (
				043C42401EA86B9D00F1793F /* test4 */,
				043C423F1EA86B9D00F1793F /* Products */,
			);
			sourceTree = "<group>";
		};
		043C423F1EA86B9D00F1793F /* Products */ = {
			isa = PBXGroup;
			children = (
				043C423E1EA86B9D00F1793F /* test4.app */,
			);
			name = Products;
			sourceTree = "<group>";
		};
		043C42401EA86B9D00F1793F /* test4 */ = {
			isa = PBXGroup;
			children = (
				043C42441EA86B9D00F1793F /* AppDelegate.h */,
				043C42451EA86B9D00F1793F /* AppDelegate.m */,
				043C42471EA86B9D00F1793F /* ViewController.h */,
				043C42481EA86B9D00F1793F /* ViewController.m */,
				043C424A1EA86B9D00F1793F /* Main.storyboard */,
				043C424D1EA86B9D00F1793F /* Assets.xcassets */,
				043C42581EA8710200F1793F /*  2.jpg */,
				043C424F1EA86B9D00F1793F /* LaunchScreen.storyboard */,
				043C42521EA86B9D00F1793F /* Info.plist */,
				043C42411EA86B9D00F1793F /* Supporting Files */,
			);
			path = test4;
			sourceTree = "<group>";
		};
		043C42411EA86B9D00F1793F /* Supporting Files */ = {
			isa = PBXGroup;
			children = (
				043C42421EA86B9D00F1793F /* main.m */,
			);
			name = "Supporting Files";
			sourceTree = "<group>";
		};
/* End PBXGroup section */

/* Begin PBXNativeTarget section */
		043C423D1EA86B9D00F1793F /* test4 */ = {
			isa = PBXNativeTarget;
			buildConfigurationList = 043C42551EA86B9D00F1793F /* Build configuration list for PBXNativeTarget "test4" */;
			buildPhases = (
				043C423A1EA86B9D00F1793F /* Sources */,
				043C423B1EA86B9D00F1793F /* Frameworks */,
				043C423C1EA86B9D00F1793F /* Resources */,
			);
			buildRules = (
			);
			dependencies = (
			);
			name = test4;
			productName = test4;
			productReference = 043C423E1EA86B9D00F1793F /* test4.app */;
			productType = "com.apple.product-type.application";
		};
/* End PBXNativeTarget section */

/* Begin PBXProject section */
		043C42361EA86B9D00F1793F /* Project object */ = {
			isa = PBXProject;
			attributes = {
				LastUpgradeCheck = 0820;
				ORGANIZATIONNAME = Mac;
				TargetAttributes = {
					043C423D1EA86B9D00F1793F = {
						CreatedOnToolsVersion = 8.2.1;
						ProvisioningStyle = Automatic;
					};
				};
			};
			buildConfigurationList = 043C42391EA86B9D00F1793F /* Build configuration list for PBXProject "test4" */;
			compatibilityVersion = "Xcode 3.2";
			developmentRegion = English;
			hasScannedForEncodings = 0;
			knownRegions = (
				en,
				Base,
			);
			mainGroup = 043C42351EA86B9D00F1793F;
			productRefGroup = 043C423F1EA86B9D00F1793F /* Products */;
			projectDirPath = "";
			projectRoot = "";
			targets = (
				043C423D1EA86B9D00F1793F /* test4 */,
			);
		};
/* End PBXProject section */

/* Begin PBXResourcesBuildPhase section */
		043C423C1EA86B9D00F1793F /* Resources */ = {
			isa = PBXResourcesBuildPhase;
			buildActionMask = 2147483647;
			files = (
				043C42511EA86B9D00F1793F /* LaunchScreen.storyboard in Resources */,
				043C424E1EA86B9D00F1793F /* Assets.xcassets in Resources */,
				043C424C1EA86B9D00F1793F /* Main.storyboard in Resources */,
				043C42591EA8710200F1793F /*  2.jpg in Resources */,
			);
			runOnlyForDeploymentPostprocessing = 0;
		};
/* End PBXResourcesBuildPhase section */

/* Begin PBXSourcesBuildPhase section */
		043C423A1EA86B9D00F1793F /* Sources */ = {
			isa = PBXSourcesBuildPhase;
			buildActionMask = 2147483647;
			files = (
				043C42491EA86B9D00F1793F /* ViewController.m in Sources */,
				043C42461EA86B9D00F1793F /* AppDelegate.m in Sources */,
				043C42431EA86B9D00F1793F /* main.m in Sources */,
			);
			runOnlyForDeploymentPostprocessing = 0;
		};
/* End PBXSourcesBuildPhase section */

/* Begin PBXVariantGroup section */
		043C424A1EA86B9D00F1793F /* Main.storyboard */ = {
			isa = PBXVariantGroup;
			children = (
				043C424B1EA86B9D00F1793F /* Base */,
			);
			name = Main.storyboard;
			sourceTree = "<group>";
		};
		043C424F1EA86B9D00F1793F /* LaunchScreen.storyboard */ = {
			isa = PBXVariantGroup;
			children = (
				043C42501EA86B9D00F1793F /* Base */,
			);
			name = LaunchScreen.storyboard;
			sourceTree = "<group>";
		};
/* End PBXVariantGroup section */

/* Begin XCBuildConfiguration section */
		043C42531EA86B9D00F1793F /* Debug */ = {
			isa = XCBuildConfiguration;
			buildSettings = {
				ALWAYS_SEARCH_USER_PATHS = NO;
				CLANG_ANALYZER_NONNULL = YES;
				CLANG_CXX_LANGUAGE_STANDARD = "gnu++0x";
				CLANG_CXX_LIBRARY = "libc++";
				CLANG_ENABLE_MODULES = YES;
				CLANG_ENABLE_OBJC_ARC = YES;
				CLANG_WARN_BOOL_CONVERSION = YES;
				CLANG_WARN_CONSTANT_CONVERSION = YES;
				CLANG_WARN_DIRECT_OBJC_ISA_USAGE = YES_ERROR;
				CLANG_WARN_DOCUMENTATION_COMMENTS = YES;
				CLANG_WARN_EMPTY_BODY = YES;
				CLANG_WARN_ENUM_CONVERSION = YES;
				CLANG_WARN_INFINITE_RECURSION = YES;
				CLANG_WARN_INT_CONVERSION = YES;
				CLANG_WARN_OBJC_ROOT_CLASS = YES_ERROR;
				CLANG_WARN_SUSPICIOUS_MOVE = YES;
				CLANG_WARN_UNREACHABLE_CODE = YES;
				CLANG_WARN__DUPLICATE_METHOD_MATCH = YES;
				"CODE_SIGN_IDENTITY[sdk=iphoneos*]" = "iPhone Developer";
				COPY_PHASE_STRIP = NO;
				DEBUG_INFORMATION_FORMAT = dwarf;
				ENABLE_STRICT_OBJC_MSGSEND = YES;
				ENABLE_TESTABILITY = YES;
				GCC_C_LANGUAGE_STANDARD = gnu99;
				GCC_DYNAMIC_NO_PIC = NO;
				GCC_NO_COMMON_BLOCKS = YES;
				GCC_OPTIMIZATION_LEVEL = 0;
				GCC_PREPROCESSOR_DEFINITIONS = (
					"DEBUG=1",
					"$(inherited)",
				);
				GCC_WARN_64_TO_32_BIT_CONVERSION = YES;
				GCC_WARN_ABOUT_RETURN_TYPE = YES_ERROR;
				GCC_WARN_UNDECLARED_SELECTOR = YES;
				GCC_WARN_UNINITIALIZED_AUTOS = YES_AGGRESSIVE;
				GCC_WARN_UNUSED_FUNCTION = YES;
				GCC_WARN_UNUSED_VARIABLE = YES;
				IPHONEOS_DEPLOYMENT_TARGET = 10.2;
				MTL_ENABLE_DEBUG_INFO = YES;
				ONLY_ACTIVE_ARCH = YES;
				SDKROOT = iphoneos;
				TARGETED_DEVICE_FAMILY = "1,2";
			};
			name = Debug;
		};
		043C42541EA86B9D00F1793F /* Release */ = {
			isa = XCBuildConfiguration;
			buildSettings = {
				ALWAYS_SEARCH_USER_PATHS = NO;
				CLANG_ANALYZER_NONNULL = YES;
				CLANG_CXX_LANGUAGE_STANDARD = "gnu++0x";
				CLANG_CXX_LIBRARY = "libc++";
				CLANG_ENABLE_MODULES = YES;
				CLANG_ENABLE_OBJC_ARC = YES;
				CLANG_WARN_BOOL_CONVERSION = YES;
				CLANG_WARN_CONSTANT_CONVERSION = YES;
				CLANG_WARN_DIRECT_OBJC_ISA_USAGE = YES_ERROR;
				CLANG_WARN_DOCUMENTATION_COMMENTS = YES;
				CLANG_WARN_EMPTY_BODY = YES;
				CLANG_WARN_ENUM_CONVERSION = YES;
				CLANG_WARN_INFINITE_RECURSION = YES;
				CLANG_WARN_INT_CONVERSION = YES;
				CLANG_WARN_OBJC_ROOT_CLASS = YES_ERROR;
				CLANG_WARN_SUSPICIOUS_MOVE = YES;
				CLANG_WARN_UNREACHABLE_CODE = YES;
				CLANG_WARN__DUPLICATE_METHOD_MATCH = YES;
				"CODE_SIGN_IDENTITY[sdk=iphoneos*]" = "iPhone Developer";
				COPY_PHASE_STRIP = NO;
				DEBUG_INFORMATION_FORMAT = "dwarf-with-dsym";
				ENABLE_NS_ASSERTIONS = NO;
				ENABLE_STRICT_OBJC_MSGSEND = YES;
				GCC_C_LANGUAGE_STANDARD = gnu99;
				GCC_NO_COMMON_BLOCKS = YES;
				GCC_WARN_64_TO_32_BIT_CONVERSION = YES;
				GCC_WARN_ABOUT_RETURN_TYPE = YES_ERROR;
				GCC_WARN_UNDECLARED_SELECTOR = YES;
				GCC_WARN_UNINITIALIZED_AUTOS = YES_AGGRESSIVE;
				GCC_WARN_UNUSED_FUNCTION = YES;
				GCC_WARN_UNUSED_VARIABLE = YES;
				IPHONEOS_DEPLOYMENT_TARGET = 10.2;
				MTL_ENABLE_DEBUG_INFO = NO;
				SDKROOT = iphoneos;
				TARGETED_DEVICE_FAMILY = "1,2";
				VALIDATE_PRODUCT = YES;
			};
			name = Release;
		};
		043C42561EA86B9D00F1793F /* Debug */ = {
			isa = XCBuildConfiguration;
			buildSettings = {
				ASSETCATALOG_COMPILER_APPICON_NAME = AppIcon;
				INFOPLIST_FILE = test4/Info.plist;
				LD_RUNPATH_SEARCH_PATHS = "$(inherited) @executable_path/Frameworks";
				PRODUCT_BUNDLE_IDENTIFIER = "Owen-Kansa.test4";
				PRODUCT_NAME = "$(TARGET_NAME)";
			};
			name = Debug;
		};
		043C42571EA86B9D00F1793F /* Release */ = {
			isa = XCBuildConfiguration;
			buildSettings = {
				ASSETCATALOG_COMPILER_APPICON_NAME = AppIcon;
				INFOPLIST_FILE = test4/Info.plist;
				LD_RUNPATH_SEARCH_PATHS = "$(inherited) @executable_path/Frameworks";
				PRODUCT_BUNDLE_IDENTIFIER = "Owen-Kansa.test4";
				PRODUCT_NAME = "$(TARGET_NAME)";
			};
			name = Release;
		};
/* End XCBuildConfiguration section */

/* Begin XCConfigurationList section */
		043C42391EA86B9D00F1793F /* Build configuration list for PBXProject "test4" */ = {
			isa = XCConfigurationList;
			buildConfigurations = (
				043C42531EA86B9D00F1793F /* Debug */,
				043C42541EA86B9D00F1793F /* Release */,
			);
			defaultConfigurationIsVisible = 0;
			defaultConfigurationName = Release;
		};
		043C42551EA86B9D00F1793F /* Build configuration list for PBXNativeTarget "test4" */ = {
			isa = XCConfigurationList;
			buildConfigurations = (
				043C42561EA86B9D00F1793F /* Debug */,
				043C42571EA86B9D00F1793F /* Release */,
			);
			defaultConfigurationIsVisible = 0;
		};
/* End XCConfigurationList section */
	};
	rootObject = 043C42361EA86B9D00F1793F /* Project object */;
}
