// !$*UTF8*$!
{
	archiveVersion = 1;
	classes = {
	};
	objectVersion = 46;
	objects = {

/* Begin PBXBuildFile section */
		0415795E1EECEC75004BF016 /* ContentFrameModel.m in Sources */ = {isa = PBXBuildFile; fileRef = 0415795D1EECEC75004BF016 /* ContentFrameModel.m */; };
		043E07571EE79F6000E528F6 /* main.m in Sources */ = {isa = PBXBuildFile; fileRef = 043E07561EE79F6000E528F6 /* main.m */; };
		043E075A1EE79F6000E528F6 /* AppDelegate.m in Sources */ = {isa = PBXBuildFile; fileRef = 043E07591EE79F6000E528F6 /* AppDelegate.m */; };
		043E075D1EE79F6000E528F6 /* ViewController.m in Sources */ = {isa = PBXBuildFile; fileRef = 043E075C1EE79F6000E528F6 /* ViewController.m */; };
		043E07601EE79F6000E528F6 /* Main.storyboard in Resources */ = {isa = PBXBuildFile; fileRef = 043E075E1EE79F6000E528F6 /* Main.storyboard */; };
		043E07621EE79F6000E528F6 /* Assets.xcassets in Resources */ = {isa = PBXBuildFile; fileRef = 043E07611EE79F6000E528F6 /* Assets.xcassets */; };
		043E07651EE79F6000E528F6 /* LaunchScreen.storyboard in Resources */ = {isa = PBXBuildFile; fileRef = 043E07631EE79F6000E528F6 /* LaunchScreen.storyboard */; };
		043E076E1EE7A00400E528F6 /* WeiboModel.m in Sources */ = {isa = PBXBuildFile; fileRef = 043E076D1EE7A00400E528F6 /* WeiboModel.m */; };
		043E07781EE7A31900E528F6 /* WeiboViewCell.m in Sources */ = {isa = PBXBuildFile; fileRef = 043E07771EE7A31900E528F6 /* WeiboViewCell.m */; };
		043E077A1EE7EC2E00E528F6 /* weibo.plist in Resources */ = {isa = PBXBuildFile; fileRef = 043E07791EE7EC2E00E528F6 /* weibo.plist */; };
/* End PBXBuildFile section */

/* Begin PBXFileReference section */
		0415795C1EECEC75004BF016 /* ContentFrameModel.h */ = {isa = PBXFileReference; fileEncoding = 4; lastKnownFileType = sourcecode.c.h; path = ContentFrameModel.h; sourceTree = "<group>"; };
		0415795D1EECEC75004BF016 /* ContentFrameModel.m */ = {isa = PBXFileReference; fileEncoding = 4; lastKnownFileType = sourcecode.c.objc; path = ContentFrameModel.m; sourceTree = "<group>"; };
		043E07521EE79F6000E528F6 /* simpleWeibo.app */ = {isa = PBXFileReference; explicitFileType = wrapper.application; includeInIndex = 0; path = simpleWeibo.app; sourceTree = BUILT_PRODUCTS_DIR; };
		043E07561EE79F6000E528F6 /* main.m */ = {isa = PBXFileReference; lastKnownFileType = sourcecode.c.objc; path = main.m; sourceTree = "<group>"; };
		043E07581EE79F6000E528F6 /* AppDelegate.h */ = {isa = PBXFileReference; lastKnownFileType = sourcecode.c.h; path = AppDelegate.h; sourceTree = "<group>"; };
		043E07591EE79F6000E528F6 /* AppDelegate.m */ = {isa = PBXFileReference; lastKnownFileType = sourcecode.c.objc; path = AppDelegate.m; sourceTree = "<group>"; };
		043E075B1EE79F6000E528F6 /* ViewController.h */ = {isa = PBXFileReference; lastKnownFileType = sourcecode.c.h; path = ViewController.h; sourceTree = "<group>"; };
		043E075C1EE79F6000E528F6 /* ViewController.m */ = {isa = PBXFileReference; lastKnownFileType = sourcecode.c.objc; path = ViewController.m; sourceTree = "<group>"; };
		043E075F1EE79F6000E528F6 /* Base */ = {isa = PBXFileReference; lastKnownFileType = file.storyboard; name = Base; path = Base.lproj/Main.storyboard; sourceTree = "<group>"; };
		043E07611EE79F6000E528F6 /* Assets.xcassets */ = {isa = PBXFileReference; lastKnownFileType = folder.assetcatalog; path = Assets.xcassets; sourceTree = "<group>"; };
		043E07641EE79F6000E528F6 /* Base */ = {isa = PBXFileReference; lastKnownFileType = file.storyboard; name = Base; path = Base.lproj/LaunchScreen.storyboard; sourceTree = "<group>"; };
		043E07661EE79F6000E528F6 /* Info.plist */ = {isa = PBXFileReference; lastKnownFileType = text.plist.xml; path = Info.plist; sourceTree = "<group>"; };
		043E076C1EE7A00400E528F6 /* WeiboModel.h */ = {isa = PBXFileReference; fileEncoding = 4; lastKnownFileType = sourcecode.c.h; path = WeiboModel.h; sourceTree = "<group>"; };
		043E076D1EE7A00400E528F6 /* WeiboModel.m */ = {isa = PBXFileReference; fileEncoding = 4; lastKnownFileType = sourcecode.c.objc; path = WeiboModel.m; sourceTree = "<group>"; };
		043E07761EE7A31900E528F6 /* WeiboViewCell.h */ = {isa = PBXFileReference; fileEncoding = 4; lastKnownFileType = sourcecode.c.h; name = WeiboViewCell.h; path = ../../../../.Trash/WeiboViewCell.h; sourceTree = "<group>"; };
		043E07771EE7A31900E528F6 /* WeiboViewCell.m */ = {isa = PBXFileReference; fileEncoding = 4; lastKnownFileType = sourcecode.c.objc; name = WeiboViewCell.m; path = ../../../../.Trash/WeiboViewCell.m; sourceTree = "<group>"; };
		043E07791EE7EC2E00E528F6 /* weibo.plist */ = {isa = PBXFileReference; fileEncoding = 4; lastKnownFileType = text.plist.xml; path = weibo.plist; sourceTree = "<group>"; };
/* End PBXFileReference section */

/* Begin PBXFrameworksBuildPhase section */
		043E074F1EE79F6000E528F6 /* Frameworks */ = {
			isa = PBXFrameworksBuildPhase;
			buildActionMask = 2147483647;
			files = (
			);
			runOnlyForDeploymentPostprocessing = 0;
		};
/* End PBXFrameworksBuildPhase section */

/* Begin PBXGroup section */
		043E07491EE79F6000E528F6 = {
			isa = PBXGroup;
			children = (
				043E07541EE79F6000E528F6 /* simpleWeibo */,
				043E07531EE79F6000E528F6 /* Products */,
			);
			sourceTree = "<group>";
		};
		043E07531EE79F6000E528F6 /* Products */ = {
			isa = PBXGroup;
			children = (
				043E07521EE79F6000E528F6 /* simpleWeibo.app */,
			);
			name = Products;
			sourceTree = "<group>";
		};
		043E07541EE79F6000E528F6 /* simpleWeibo */ = {
			isa = PBXGroup;
			children = (
				043E07721EE7A03400E528F6 /* Controller */,
				043E07701EE7A01F00E528F6 /* View */,
				043E076F1EE7A00E00E528F6 /* Model */,
				043E07581EE79F6000E528F6 /* AppDelegate.h */,
				043E07591EE79F6000E528F6 /* AppDelegate.m */,
				043E075E1EE79F6000E528F6 /* Main.storyboard */,
				043E07611EE79F6000E528F6 /* Assets.xcassets */,
				043E07631EE79F6000E528F6 /* LaunchScreen.storyboard */,
				043E07661EE79F6000E528F6 /* Info.plist */,
				043E07791EE7EC2E00E528F6 /* weibo.plist */,
				043E07551EE79F6000E528F6 /* Supporting Files */,
			);
			path = simpleWeibo;
			sourceTree = "<group>";
		};
		043E07551EE79F6000E528F6 /* Supporting Files */ = {
			isa = PBXGroup;
			children = (
				043E07561EE79F6000E528F6 /* main.m */,
			);
			name = "Supporting Files";
			sourceTree = "<group>";
		};
		043E076F1EE7A00E00E528F6 /* Model */ = {
			isa = PBXGroup;
			children = (
				043E076C1EE7A00400E528F6 /* WeiboModel.h */,
				043E076D1EE7A00400E528F6 /* WeiboModel.m */,
			);
			name = Model;
			sourceTree = "<group>";
		};
		043E07701EE7A01F00E528F6 /* View */ = {
			isa = PBXGroup;
			children = (
				043E07761EE7A31900E528F6 /* WeiboViewCell.h */,
				043E07771EE7A31900E528F6 /* WeiboViewCell.m */,
				0415795C1EECEC75004BF016 /* ContentFrameModel.h */,
				0415795D1EECEC75004BF016 /* ContentFrameModel.m */,
			);
			name = View;
			sourceTree = "<group>";
		};
		043E07721EE7A03400E528F6 /* Controller */ = {
			isa = PBXGroup;
			children = (
				043E075B1EE79F6000E528F6 /* ViewController.h */,
				043E075C1EE79F6000E528F6 /* ViewController.m */,
			);
			name = Controller;
			sourceTree = "<group>";
		};
/* End PBXGroup section */

/* Begin PBXNativeTarget section */
		043E07511EE79F6000E528F6 /* simpleWeibo */ = {
			isa = PBXNativeTarget;
			buildConfigurationList = 043E07691EE79F6000E528F6 /* Build configuration list for PBXNativeTarget "simpleWeibo" */;
			buildPhases = (
				043E074E1EE79F6000E528F6 /* Sources */,
				043E074F1EE79F6000E528F6 /* Frameworks */,
				043E07501EE79F6000E528F6 /* Resources */,
			);
			buildRules = (
			);
			dependencies = (
			);
			name = simpleWeibo;
			productName = simpleWeibo;
			productReference = 043E07521EE79F6000E528F6 /* simpleWeibo.app */;
			productType = "com.apple.product-type.application";
		};
/* End PBXNativeTarget section */

/* Begin PBXProject section */
		043E074A1EE79F6000E528F6 /* Project object */ = {
			isa = PBXProject;
			attributes = {
				LastUpgradeCheck = 0830;
				ORGANIZATIONNAME = Mac;
				TargetAttributes = {
					043E07511EE79F6000E528F6 = {
						CreatedOnToolsVersion = 8.3.2;
						DevelopmentTeam = M279MKV5DC;
						ProvisioningStyle = Automatic;
					};
				};
			};
			buildConfigurationList = 043E074D1EE79F6000E528F6 /* Build configuration list for PBXProject "simpleWeibo" */;
			compatibilityVersion = "Xcode 3.2";
			developmentRegion = English;
			hasScannedForEncodings = 0;
			knownRegions = (
				en,
				Base,
			);
			mainGroup = 043E07491EE79F6000E528F6;
			productRefGroup = 043E07531EE79F6000E528F6 /* Products */;
			projectDirPath = "";
			projectRoot = "";
			targets = (
				043E07511EE79F6000E528F6 /* simpleWeibo */,
			);
		};
/* End PBXProject section */

/* Begin PBXResourcesBuildPhase section */
		043E07501EE79F6000E528F6 /* Resources */ = {
			isa = PBXResourcesBuildPhase;
			buildActionMask = 2147483647;
			files = (
				043E07651EE79F6000E528F6 /* LaunchScreen.storyboard in Resources */,
				043E07621EE79F6000E528F6 /* Assets.xcassets in Resources */,
				043E07601EE79F6000E528F6 /* Main.storyboard in Resources */,
				043E077A1EE7EC2E00E528F6 /* weibo.plist in Resources */,
			);
			runOnlyForDeploymentPostprocessing = 0;
		};
/* End PBXResourcesBuildPhase section */

/* Begin PBXSourcesBuildPhase section */
		043E074E1EE79F6000E528F6 /* Sources */ = {
			isa = PBXSourcesBuildPhase;
			buildActionMask = 2147483647;
			files = (
				043E075D1EE79F6000E528F6 /* ViewController.m in Sources */,
				043E075A1EE79F6000E528F6 /* AppDelegate.m in Sources */,
				043E076E1EE7A00400E528F6 /* WeiboModel.m in Sources */,
				043E07781EE7A31900E528F6 /* WeiboViewCell.m in Sources */,
				043E07571EE79F6000E528F6 /* main.m in Sources */,
				0415795E1EECEC75004BF016 /* ContentFrameModel.m in Sources */,
			);
			runOnlyForDeploymentPostprocessing = 0;
		};
/* End PBXSourcesBuildPhase section */

/* Begin PBXVariantGroup section */
		043E075E1EE79F6000E528F6 /* Main.storyboard */ = {
			isa = PBXVariantGroup;
			children = (
				043E075F1EE79F6000E528F6 /* Base */,
			);
			name = Main.storyboard;
			sourceTree = "<group>";
		};
		043E07631EE79F6000E528F6 /* LaunchScreen.storyboard */ = {
			isa = PBXVariantGroup;
			children = (
				043E07641EE79F6000E528F6 /* Base */,
			);
			name = LaunchScreen.storyboard;
			sourceTree = "<group>";
		};
/* End PBXVariantGroup section */

/* Begin XCBuildConfiguration section */
		043E07671EE79F6000E528F6 /* Debug */ = {
			isa = XCBuildConfiguration;
			buildSettings = {
				ALWAYS_SEARCH_USER_PATHS = NO;
				CLANG_ANALYZER_NONNULL = YES;
				CLANG_ANALYZER_NUMBER_OBJECT_CONVERSION = YES_AGGRESSIVE;
				CLANG_CXX_LANGUAGE_STANDARD = "gnu++0x";
				CLANG_CXX_LIBRARY = "libc++";
				CLANG_ENABLE_MODULES = YES;
				CLANG_ENABLE_OBJC_ARC = YES;
				CLANG_WARN_BOOL_CONVERSION = YES;
				CLANG_WARN_CONSTANT_CONVERSION = YES;
				CLANG_WARN_DIRECT_OBJC_ISA_USAGE = YES_ERROR;
				CLANG_WARN_DOCUMENTATION_COMMENTS = YES;
				CLANG_WARN_EMPTY_BODY = YES;
				CLANG_WARN_ENUM_CONVERSION = YES;
				CLANG_WARN_INFINITE_RECURSION = YES;
				CLANG_WARN_INT_CONVERSION = YES;
				CLANG_WARN_OBJC_ROOT_CLASS = YES_ERROR;
				CLANG_WARN_SUSPICIOUS_MOVE = YES;
				CLANG_WARN_UNREACHABLE_CODE = YES;
				CLANG_WARN__DUPLICATE_METHOD_MATCH = YES;
				"CODE_SIGN_IDENTITY[sdk=iphoneos*]" = "iPhone Developer";
				COPY_PHASE_STRIP = NO;
				DEBUG_INFORMATION_FORMAT = dwarf;
				ENABLE_STRICT_OBJC_MSGSEND = YES;
				ENABLE_TESTABILITY = YES;
				GCC_C_LANGUAGE_STANDARD = gnu99;
				GCC_DYNAMIC_NO_PIC = NO;
				GCC_NO_COMMON_BLOCKS = YES;
				GCC_OPTIMIZATION_LEVEL = 0;
				GCC_PREPROCESSOR_DEFINITIONS = (
					"DEBUG=1",
					"$(inherited)",
				);
				GCC_WARN_64_TO_32_BIT_CONVERSION = YES;
				GCC_WARN_ABOUT_RETURN_TYPE = YES_ERROR;
				GCC_WARN_UNDECLARED_SELECTOR = YES;
				GCC_WARN_UNINITIALIZED_AUTOS = YES_AGGRESSIVE;
				GCC_WARN_UNUSED_FUNCTION = YES;
				GCC_WARN_UNUSED_VARIABLE = YES;
				IPHONEOS_DEPLOYMENT_TARGET = 10.3;
				MTL_ENABLE_DEBUG_INFO = YES;
				ONLY_ACTIVE_ARCH = YES;
				SDKROOT = iphoneos;
				TARGETED_DEVICE_FAMILY = "1,2";
			};
			name = Debug;
		};
		043E07681EE79F6000E528F6 /* Release */ = {
			isa = XCBuildConfiguration;
			buildSettings = {
				ALWAYS_SEARCH_USER_PATHS = NO;
				CLANG_ANALYZER_NONNULL = YES;
				CLANG_ANALYZER_NUMBER_OBJECT_CONVERSION = YES_AGGRESSIVE;
				CLANG_CXX_LANGUAGE_STANDARD = "gnu++0x";
				CLANG_CXX_LIBRARY = "libc++";
				CLANG_ENABLE_MODULES = YES;
				CLANG_ENABLE_OBJC_ARC = YES;
				CLANG_WARN_BOOL_CONVERSION = YES;
				CLANG_WARN_CONSTANT_CONVERSION = YES;
				CLANG_WARN_DIRECT_OBJC_ISA_USAGE = YES_ERROR;
				CLANG_WARN_DOCUMENTATION_COMMENTS = YES;
				CLANG_WARN_EMPTY_BODY = YES;
				CLANG_WARN_ENUM_CONVERSION = YES;
				CLANG_WARN_INFINITE_RECURSION = YES;
				CLANG_WARN_INT_CONVERSION = YES;
				CLANG_WARN_OBJC_ROOT_CLASS = YES_ERROR;
				CLANG_WARN_SUSPICIOUS_MOVE = YES;
				CLANG_WARN_UNREACHABLE_CODE = YES;
				CLANG_WARN__DUPLICATE_METHOD_MATCH = YES;
				"CODE_SIGN_IDENTITY[sdk=iphoneos*]" = "iPhone Developer";
				COPY_PHASE_STRIP = NO;
				DEBUG_INFORMATION_FORMAT = "dwarf-with-dsym";
				ENABLE_NS_ASSERTIONS = NO;
				ENABLE_STRICT_OBJC_MSGSEND = YES;
				GCC_C_LANGUAGE_STANDARD = gnu99;
				GCC_NO_COMMON_BLOCKS = YES;
				GCC_WARN_64_TO_32_BIT_CONVERSION = YES;
				GCC_WARN_ABOUT_RETURN_TYPE = YES_ERROR;
				GCC_WARN_UNDECLARED_SELECTOR = YES;
				GCC_WARN_UNINITIALIZED_AUTOS = YES_AGGRESSIVE;
				GCC_WARN_UNUSED_FUNCTION = YES;
				GCC_WARN_UNUSED_VARIABLE = YES;
				IPHONEOS_DEPLOYMENT_TARGET = 10.3;
				MTL_ENABLE_DEBUG_INFO = NO;
				SDKROOT = iphoneos;
				TARGETED_DEVICE_FAMILY = "1,2";
				VALIDATE_PRODUCT = YES;
			};
			name = Release;
		};
		043E076A1EE79F6000E528F6 /* Debug */ = {
			isa = XCBuildConfiguration;
			buildSettings = {
				ASSETCATALOG_COMPILER_APPICON_NAME = AppIcon;
				DEVELOPMENT_TEAM = M279MKV5DC;
				INFOPLIST_FILE = simpleWeibo/Info.plist;
				LD_RUNPATH_SEARCH_PATHS = "$(inherited) @executable_path/Frameworks";
				PRODUCT_BUNDLE_IDENTIFIER = "Owen-Kansa.simpleWeibo";
				PRODUCT_NAME = "$(TARGET_NAME)";
			};
			name = Debug;
		};
		043E076B1EE79F6000E528F6 /* Release */ = {
			isa = XCBuildConfiguration;
			buildSettings = {
				ASSETCATALOG_COMPILER_APPICON_NAME = AppIcon;
				DEVELOPMENT_TEAM = M279MKV5DC;
				INFOPLIST_FILE = simpleWeibo/Info.plist;
				LD_RUNPATH_SEARCH_PATHS = "$(inherited) @executable_path/Frameworks";
				PRODUCT_BUNDLE_IDENTIFIER = "Owen-Kansa.simpleWeibo";
				PRODUCT_NAME = "$(TARGET_NAME)";
			};
			name = Release;
		};
/* End XCBuildConfiguration section */

/* Begin XCConfigurationList section */
		043E074D1EE79F6000E528F6 /* Build configuration list for PBXProject "simpleWeibo" */ = {
			isa = XCConfigurationList;
			buildConfigurations = (
				043E07671EE79F6000E528F6 /* Debug */,
				043E07681EE79F6000E528F6 /* Release */,
			);
			defaultConfigurationIsVisible = 0;
			defaultConfigurationName = Release;
		};
		043E07691EE79F6000E528F6 /* Build configuration list for PBXNativeTarget "simpleWeibo" */ = {
			isa = XCConfigurationList;
			buildConfigurations = (
				043E076A1EE79F6000E528F6 /* Debug */,
				043E076B1EE79F6000E528F6 /* Release */,
			);
			defaultConfigurationIsVisible = 0;
			defaultConfigurationName = Release;
		};
/* End XCConfigurationList section */
	};
	rootObject = 043E074A1EE79F6000E528F6 /* Project object */;
}
