// !$*UTF8*$!
{
	archiveVersion = 1;
	classes = {
	};
	objectVersion = 46;
	objects = {

/* Begin PBXBuildFile section */
		0408EB7C1EE5306F00C3679F /* tgs.plist in Resources */ = {isa = PBXBuildFile; fileRef = 0408EB7B1EE5306F00C3679F /* tgs.plist */; };
		0408EB811EE530C500C3679F /* GroupsonsModelCell.m in Sources */ = {isa = PBXBuildFile; fileRef = 0408EB801EE530C500C3679F /* GroupsonsModelCell.m */; };
		0408EB891EE5639D00C3679F /* GrouponsCell.xib in Resources */ = {isa = PBXBuildFile; fileRef = 0408EB881EE5639D00C3679F /* GrouponsCell.xib */; };
		0408EB8F1EE56F1C00C3679F /* BannerView.m in Sources */ = {isa = PBXBuildFile; fileRef = 0408EB8E1EE56F1C00C3679F /* BannerView.m */; };
		043A716D1EE343A3008514F7 /* main.m in Sources */ = {isa = PBXBuildFile; fileRef = 043A716C1EE343A3008514F7 /* main.m */; };
		043A71701EE343A3008514F7 /* AppDelegate.m in Sources */ = {isa = PBXBuildFile; fileRef = 043A716F1EE343A3008514F7 /* AppDelegate.m */; };
		043A71731EE343A3008514F7 /* ViewController.m in Sources */ = {isa = PBXBuildFile; fileRef = 043A71721EE343A3008514F7 /* ViewController.m */; };
		043A71761EE343A3008514F7 /* Main.storyboard in Resources */ = {isa = PBXBuildFile; fileRef = 043A71741EE343A3008514F7 /* Main.storyboard */; };
		043A71781EE343A3008514F7 /* Assets.xcassets in Resources */ = {isa = PBXBuildFile; fileRef = 043A71771EE343A3008514F7 /* Assets.xcassets */; };
		043A717B1EE343A3008514F7 /* LaunchScreen.storyboard in Resources */ = {isa = PBXBuildFile; fileRef = 043A71791EE343A3008514F7 /* LaunchScreen.storyboard */; };
		043A71861EE34535008514F7 /* GroupsonsModel.m in Sources */ = {isa = PBXBuildFile; fileRef = 043A71851EE34535008514F7 /* GroupsonsModel.m */; };
		045C15CC1EE6CCB000580A1C /* FooterView.m in Sources */ = {isa = PBXBuildFile; fileRef = 045C15CB1EE6CCB000580A1C /* FooterView.m */; };
		045C15CE1EE6CE3D00580A1C /* FooterView.xib in Resources */ = {isa = PBXBuildFile; fileRef = 045C15CD1EE6CE3D00580A1C /* FooterView.xib */; };
/* End PBXBuildFile section */

/* Begin PBXFileReference section */
		0408EB7B1EE5306F00C3679F /* tgs.plist */ = {isa = PBXFileReference; fileEncoding = 4; lastKnownFileType = text.plist.xml; path = tgs.plist; sourceTree = "<group>"; };
		0408EB7F1EE530C500C3679F /* GroupsonsModelCell.h */ = {isa = PBXFileReference; fileEncoding = 4; lastKnownFileType = sourcecode.c.h; path = GroupsonsModelCell.h; sourceTree = "<group>"; };
		0408EB801EE530C500C3679F /* GroupsonsModelCell.m */ = {isa = PBXFileReference; fileEncoding = 4; lastKnownFileType = sourcecode.c.objc; path = GroupsonsModelCell.m; sourceTree = "<group>"; };
		0408EB881EE5639D00C3679F /* GrouponsCell.xib */ = {isa = PBXFileReference; fileEncoding = 4; lastKnownFileType = file.xib; path = GrouponsCell.xib; sourceTree = "<group>"; };
		0408EB8D1EE56F1C00C3679F /* BannerView.h */ = {isa = PBXFileReference; fileEncoding = 4; lastKnownFileType = sourcecode.c.h; path = BannerView.h; sourceTree = "<group>"; };
		0408EB8E1EE56F1C00C3679F /* BannerView.m */ = {isa = PBXFileReference; fileEncoding = 4; lastKnownFileType = sourcecode.c.objc; path = BannerView.m; sourceTree = "<group>"; };
		043A71681EE343A3008514F7 /* Weibo.app */ = {isa = PBXFileReference; explicitFileType = wrapper.application; includeInIndex = 0; path = Weibo.app; sourceTree = BUILT_PRODUCTS_DIR; };
		043A716C1EE343A3008514F7 /* main.m */ = {isa = PBXFileReference; lastKnownFileType = sourcecode.c.objc; path = main.m; sourceTree = "<group>"; };
		043A716E1EE343A3008514F7 /* AppDelegate.h */ = {isa = PBXFileReference; lastKnownFileType = sourcecode.c.h; path = AppDelegate.h; sourceTree = "<group>"; };
		043A716F1EE343A3008514F7 /* AppDelegate.m */ = {isa = PBXFileReference; lastKnownFileType = sourcecode.c.objc; path = AppDelegate.m; sourceTree = "<group>"; };
		043A71711EE343A3008514F7 /* ViewController.h */ = {isa = PBXFileReference; lastKnownFileType = sourcecode.c.h; path = ViewController.h; sourceTree = "<group>"; };
		043A71721EE343A3008514F7 /* ViewController.m */ = {isa = PBXFileReference; lastKnownFileType = sourcecode.c.objc; path = ViewController.m; sourceTree = "<group>"; };
		043A71751EE343A3008514F7 /* Base */ = {isa = PBXFileReference; lastKnownFileType = file.storyboard; name = Base; path = Base.lproj/Main.storyboard; sourceTree = "<group>"; };
		043A71771EE343A3008514F7 /* Assets.xcassets */ = {isa = PBXFileReference; lastKnownFileType = folder.assetcatalog; path = Assets.xcassets; sourceTree = "<group>"; };
		043A717A1EE343A3008514F7 /* Base */ = {isa = PBXFileReference; lastKnownFileType = file.storyboard; name = Base; path = Base.lproj/LaunchScreen.storyboard; sourceTree = "<group>"; };
		043A717C1EE343A3008514F7 /* Info.plist */ = {isa = PBXFileReference; lastKnownFileType = text.plist.xml; path = Info.plist; sourceTree = "<group>"; };
		043A71841EE34535008514F7 /* GroupsonsModel.h */ = {isa = PBXFileReference; fileEncoding = 4; lastKnownFileType = sourcecode.c.h; path = GroupsonsModel.h; sourceTree = "<group>"; };
		043A71851EE34535008514F7 /* GroupsonsModel.m */ = {isa = PBXFileReference; fileEncoding = 4; lastKnownFileType = sourcecode.c.objc; path = GroupsonsModel.m; sourceTree = "<group>"; };
		045C15CA1EE6CCB000580A1C /* FooterView.h */ = {isa = PBXFileReference; fileEncoding = 4; lastKnownFileType = sourcecode.c.h; path = FooterView.h; sourceTree = "<group>"; };
		045C15CB1EE6CCB000580A1C /* FooterView.m */ = {isa = PBXFileReference; fileEncoding = 4; lastKnownFileType = sourcecode.c.objc; path = FooterView.m; sourceTree = "<group>"; };
		045C15CD1EE6CE3D00580A1C /* FooterView.xib */ = {isa = PBXFileReference; fileEncoding = 4; lastKnownFileType = file.xib; path = FooterView.xib; sourceTree = "<group>"; };
/* End PBXFileReference section */

/* Begin PBXFrameworksBuildPhase section */
		043A71651EE343A3008514F7 /* Frameworks */ = {
			isa = PBXFrameworksBuildPhase;
			buildActionMask = 2147483647;
			files = (
			);
			runOnlyForDeploymentPostprocessing = 0;
		};
/* End PBXFrameworksBuildPhase section */

/* Begin PBXGroup section */
		0408EB8A1EE563BD00C3679F /* Model */ = {
			isa = PBXGroup;
			children = (
				043A71851EE34535008514F7 /* GroupsonsModel.m */,
				043A71841EE34535008514F7 /* GroupsonsModel.h */,
			);
			name = Model;
			sourceTree = "<group>";
		};
		0408EB8B1EE563D800C3679F /* Controller */ = {
			isa = PBXGroup;
			children = (
				043A71711EE343A3008514F7 /* ViewController.h */,
				043A71721EE343A3008514F7 /* ViewController.m */,
			);
			name = Controller;
			sourceTree = "<group>";
		};
		0408EB8C1EE563F200C3679F /* View */ = {
			isa = PBXGroup;
			children = (
				0408EB7F1EE530C500C3679F /* GroupsonsModelCell.h */,
				0408EB801EE530C500C3679F /* GroupsonsModelCell.m */,
				0408EB881EE5639D00C3679F /* GrouponsCell.xib */,
				0408EB8D1EE56F1C00C3679F /* BannerView.h */,
				0408EB8E1EE56F1C00C3679F /* BannerView.m */,
				045C15CA1EE6CCB000580A1C /* FooterView.h */,
				045C15CB1EE6CCB000580A1C /* FooterView.m */,
				045C15CD1EE6CE3D00580A1C /* FooterView.xib */,
			);
			name = View;
			sourceTree = "<group>";
		};
		043A715F1EE343A3008514F7 = {
			isa = PBXGroup;
			children = (
				043A716A1EE343A3008514F7 /* Weibo */,
				043A71691EE343A3008514F7 /* Products */,
			);
			sourceTree = "<group>";
		};
		043A71691EE343A3008514F7 /* Products */ = {
			isa = PBXGroup;
			children = (
				043A71681EE343A3008514F7 /* Weibo.app */,
			);
			name = Products;
			sourceTree = "<group>";
		};
		043A716A1EE343A3008514F7 /* Weibo */ = {
			isa = PBXGroup;
			children = (
				043A716E1EE343A3008514F7 /* AppDelegate.h */,
				043A716F1EE343A3008514F7 /* AppDelegate.m */,
				0408EB8A1EE563BD00C3679F /* Model */,
				0408EB8C1EE563F200C3679F /* View */,
				0408EB8B1EE563D800C3679F /* Controller */,
				043A71741EE343A3008514F7 /* Main.storyboard */,
				043A71771EE343A3008514F7 /* Assets.xcassets */,
				043A71791EE343A3008514F7 /* LaunchScreen.storyboard */,
				043A717C1EE343A3008514F7 /* Info.plist */,
				043A716B1EE343A3008514F7 /* Supporting Files */,
			);
			path = Weibo;
			sourceTree = "<group>";
		};
		043A716B1EE343A3008514F7 /* Supporting Files */ = {
			isa = PBXGroup;
			children = (
				043A716C1EE343A3008514F7 /* main.m */,
				0408EB7B1EE5306F00C3679F /* tgs.plist */,
			);
			name = "Supporting Files";
			sourceTree = "<group>";
		};
/* End PBXGroup section */

/* Begin PBXNativeTarget section */
		043A71671EE343A3008514F7 /* Weibo */ = {
			isa = PBXNativeTarget;
			buildConfigurationList = 043A717F1EE343A3008514F7 /* Build configuration list for PBXNativeTarget "Weibo" */;
			buildPhases = (
				043A71641EE343A3008514F7 /* Sources */,
				043A71651EE343A3008514F7 /* Frameworks */,
				043A71661EE343A3008514F7 /* Resources */,
			);
			buildRules = (
			);
			dependencies = (
			);
			name = Weibo;
			productName = Weibo;
			productReference = 043A71681EE343A3008514F7 /* Weibo.app */;
			productType = "com.apple.product-type.application";
		};
/* End PBXNativeTarget section */

/* Begin PBXProject section */
		043A71601EE343A3008514F7 /* Project object */ = {
			isa = PBXProject;
			attributes = {
				LastUpgradeCheck = 0830;
				ORGANIZATIONNAME = Mac;
				TargetAttributes = {
					043A71671EE343A3008514F7 = {
						CreatedOnToolsVersion = 8.3.2;
						DevelopmentTeam = M279MKV5DC;
						ProvisioningStyle = Automatic;
					};
				};
			};
			buildConfigurationList = 043A71631EE343A3008514F7 /* Build configuration list for PBXProject "Weibo" */;
			compatibilityVersion = "Xcode 3.2";
			developmentRegion = English;
			hasScannedForEncodings = 0;
			knownRegions = (
				en,
				Base,
			);
			mainGroup = 043A715F1EE343A3008514F7;
			productRefGroup = 043A71691EE343A3008514F7 /* Products */;
			projectDirPath = "";
			projectRoot = "";
			targets = (
				043A71671EE343A3008514F7 /* Weibo */,
			);
		};
/* End PBXProject section */

/* Begin PBXResourcesBuildPhase section */
		043A71661EE343A3008514F7 /* Resources */ = {
			isa = PBXResourcesBuildPhase;
			buildActionMask = 2147483647;
			files = (
				043A717B1EE343A3008514F7 /* LaunchScreen.storyboard in Resources */,
				045C15CE1EE6CE3D00580A1C /* FooterView.xib in Resources */,
				0408EB7C1EE5306F00C3679F /* tgs.plist in Resources */,
				043A71781EE343A3008514F7 /* Assets.xcassets in Resources */,
				043A71761EE343A3008514F7 /* Main.storyboard in Resources */,
				0408EB891EE5639D00C3679F /* GrouponsCell.xib in Resources */,
			);
			runOnlyForDeploymentPostprocessing = 0;
		};
/* End PBXResourcesBuildPhase section */

/* Begin PBXSourcesBuildPhase section */
		043A71641EE343A3008514F7 /* Sources */ = {
			isa = PBXSourcesBuildPhase;
			buildActionMask = 2147483647;
			files = (
				043A71861EE34535008514F7 /* GroupsonsModel.m in Sources */,
				045C15CC1EE6CCB000580A1C /* FooterView.m in Sources */,
				043A71731EE343A3008514F7 /* ViewController.m in Sources */,
				0408EB8F1EE56F1C00C3679F /* BannerView.m in Sources */,
				043A71701EE343A3008514F7 /* AppDelegate.m in Sources */,
				0408EB811EE530C500C3679F /* GroupsonsModelCell.m in Sources */,
				043A716D1EE343A3008514F7 /* main.m in Sources */,
			);
			runOnlyForDeploymentPostprocessing = 0;
		};
/* End PBXSourcesBuildPhase section */

/* Begin PBXVariantGroup section */
		043A71741EE343A3008514F7 /* Main.storyboard */ = {
			isa = PBXVariantGroup;
			children = (
				043A71751EE343A3008514F7 /* Base */,
			);
			name = Main.storyboard;
			sourceTree = "<group>";
		};
		043A71791EE343A3008514F7 /* LaunchScreen.storyboard */ = {
			isa = PBXVariantGroup;
			children = (
				043A717A1EE343A3008514F7 /* Base */,
			);
			name = LaunchScreen.storyboard;
			sourceTree = "<group>";
		};
/* End PBXVariantGroup section */

/* Begin XCBuildConfiguration section */
		043A717D1EE343A3008514F7 /* Debug */ = {
			isa = XCBuildConfiguration;
			buildSettings = {
				ALWAYS_SEARCH_USER_PATHS = NO;
				CLANG_ANALYZER_NONNULL = YES;
				CLANG_ANALYZER_NUMBER_OBJECT_CONVERSION = YES_AGGRESSIVE;
				CLANG_CXX_LANGUAGE_STANDARD = "gnu++0x";
				CLANG_CXX_LIBRARY = "libc++";
				CLANG_ENABLE_MODULES = YES;
				CLANG_ENABLE_OBJC_ARC = YES;
				CLANG_WARN_BOOL_CONVERSION = YES;
				CLANG_WARN_CONSTANT_CONVERSION = YES;
				CLANG_WARN_DIRECT_OBJC_ISA_USAGE = YES_ERROR;
				CLANG_WARN_DOCUMENTATION_COMMENTS = YES;
				CLANG_WARN_EMPTY_BODY = YES;
				CLANG_WARN_ENUM_CONVERSION = YES;
				CLANG_WARN_INFINITE_RECURSION = YES;
				CLANG_WARN_INT_CONVERSION = YES;
				CLANG_WARN_OBJC_ROOT_CLASS = YES_ERROR;
				CLANG_WARN_SUSPICIOUS_MOVE = YES;
				CLANG_WARN_UNREACHABLE_CODE = YES;
				CLANG_WARN__DUPLICATE_METHOD_MATCH = YES;
				"CODE_SIGN_IDENTITY[sdk=iphoneos*]" = "iPhone Developer";
				COPY_PHASE_STRIP = NO;
				DEBUG_INFORMATION_FORMAT = dwarf;
				ENABLE_STRICT_OBJC_MSGSEND = YES;
				ENABLE_TESTABILITY = YES;
				GCC_C_LANGUAGE_STANDARD = gnu99;
				GCC_DYNAMIC_NO_PIC = NO;
				GCC_NO_COMMON_BLOCKS = YES;
				GCC_OPTIMIZATION_LEVEL = 0;
				GCC_PREPROCESSOR_DEFINITIONS = (
					"DEBUG=1",
					"$(inherited)",
				);
				GCC_WARN_64_TO_32_BIT_CONVERSION = YES;
				GCC_WARN_ABOUT_RETURN_TYPE = YES_ERROR;
				GCC_WARN_UNDECLARED_SELECTOR = YES;
				GCC_WARN_UNINITIALIZED_AUTOS = YES_AGGRESSIVE;
				GCC_WARN_UNUSED_FUNCTION = YES;
				GCC_WARN_UNUSED_VARIABLE = YES;
				IPHONEOS_DEPLOYMENT_TARGET = 10.3;
				MTL_ENABLE_DEBUG_INFO = YES;
				ONLY_ACTIVE_ARCH = YES;
				SDKROOT = iphoneos;
				TARGETED_DEVICE_FAMILY = "1,2";
			};
			name = Debug;
		};
		043A717E1EE343A3008514F7 /* Release */ = {
			isa = XCBuildConfiguration;
			buildSettings = {
				ALWAYS_SEARCH_USER_PATHS = NO;
				CLANG_ANALYZER_NONNULL = YES;
				CLANG_ANALYZER_NUMBER_OBJECT_CONVERSION = YES_AGGRESSIVE;
				CLANG_CXX_LANGUAGE_STANDARD = "gnu++0x";
				CLANG_CXX_LIBRARY = "libc++";
				CLANG_ENABLE_MODULES = YES;
				CLANG_ENABLE_OBJC_ARC = YES;
				CLANG_WARN_BOOL_CONVERSION = YES;
				CLANG_WARN_CONSTANT_CONVERSION = YES;
				CLANG_WARN_DIRECT_OBJC_ISA_USAGE = YES_ERROR;
				CLANG_WARN_DOCUMENTATION_COMMENTS = YES;
				CLANG_WARN_EMPTY_BODY = YES;
				CLANG_WARN_ENUM_CONVERSION = YES;
				CLANG_WARN_INFINITE_RECURSION = YES;
				CLANG_WARN_INT_CONVERSION = YES;
				CLANG_WARN_OBJC_ROOT_CLASS = YES_ERROR;
				CLANG_WARN_SUSPICIOUS_MOVE = YES;
				CLANG_WARN_UNREACHABLE_CODE = YES;
				CLANG_WARN__DUPLICATE_METHOD_MATCH = YES;
				"CODE_SIGN_IDENTITY[sdk=iphoneos*]" = "iPhone Developer";
				COPY_PHASE_STRIP = NO;
				DEBUG_INFORMATION_FORMAT = "dwarf-with-dsym";
				ENABLE_NS_ASSERTIONS = NO;
				ENABLE_STRICT_OBJC_MSGSEND = YES;
				GCC_C_LANGUAGE_STANDARD = gnu99;
				GCC_NO_COMMON_BLOCKS = YES;
				GCC_WARN_64_TO_32_BIT_CONVERSION = YES;
				GCC_WARN_ABOUT_RETURN_TYPE = YES_ERROR;
				GCC_WARN_UNDECLARED_SELECTOR = YES;
				GCC_WARN_UNINITIALIZED_AUTOS = YES_AGGRESSIVE;
				GCC_WARN_UNUSED_FUNCTION = YES;
				GCC_WARN_UNUSED_VARIABLE = YES;
				IPHONEOS_DEPLOYMENT_TARGET = 10.3;
				MTL_ENABLE_DEBUG_INFO = NO;
				SDKROOT = iphoneos;
				TARGETED_DEVICE_FAMILY = "1,2";
				VALIDATE_PRODUCT = YES;
			};
			name = Release;
		};
		043A71801EE343A3008514F7 /* Debug */ = {
			isa = XCBuildConfiguration;
			buildSettings = {
				ASSETCATALOG_COMPILER_APPICON_NAME = AppIcon;
				DEVELOPMENT_TEAM = M279MKV5DC;
				INFOPLIST_FILE = Weibo/Info.plist;
				LD_RUNPATH_SEARCH_PATHS = "$(inherited) @executable_path/Frameworks";
				PRODUCT_BUNDLE_IDENTIFIER = "Owen-Kansa.Weibo";
				PRODUCT_NAME = "$(TARGET_NAME)";
			};
			name = Debug;
		};
		043A71811EE343A3008514F7 /* Release */ = {
			isa = XCBuildConfiguration;
			buildSettings = {
				ASSETCATALOG_COMPILER_APPICON_NAME = AppIcon;
				DEVELOPMENT_TEAM = M279MKV5DC;
				INFOPLIST_FILE = Weibo/Info.plist;
				LD_RUNPATH_SEARCH_PATHS = "$(inherited) @executable_path/Frameworks";
				PRODUCT_BUNDLE_IDENTIFIER = "Owen-Kansa.Weibo";
				PRODUCT_NAME = "$(TARGET_NAME)";
			};
			name = Release;
		};
/* End XCBuildConfiguration section */

/* Begin XCConfigurationList section */
		043A71631EE343A3008514F7 /* Build configuration list for PBXProject "Weibo" */ = {
			isa = XCConfigurationList;
			buildConfigurations = (
				043A717D1EE343A3008514F7 /* Debug */,
				043A717E1EE343A3008514F7 /* Release */,
			);
			defaultConfigurationIsVisible = 0;
			defaultConfigurationName = Release;
		};
		043A717F1EE343A3008514F7 /* Build configuration list for PBXNativeTarget "Weibo" */ = {
			isa = XCConfigurationList;
			buildConfigurations = (
				043A71801EE343A3008514F7 /* Debug */,
				043A71811EE343A3008514F7 /* Release */,
			);
			defaultConfigurationIsVisible = 0;
			defaultConfigurationName = Release;
		};
/* End XCConfigurationList section */
	};
	rootObject = 043A71601EE343A3008514F7 /* Project object */;
}
